// !$*UTF8*$!
{
	archiveVersion = 1;
	classes = {
	};
	objectVersion = 46;
	objects = {

/* Begin PBXBuildFile section */
		752CAAF21CE358D40063E287 /* AppDelegate.swift in Sources */ = {isa = PBXBuildFile; fileRef = 752CAAF11CE358D40063E287 /* AppDelegate.swift */; };
		752CAAF41CE358D50063E287 /* TravelLocationsViewController.swift in Sources */ = {isa = PBXBuildFile; fileRef = 752CAAF31CE358D50063E287 /* TravelLocationsViewController.swift */; };
		752CAAF71CE358D50063E287 /* Main.storyboard in Resources */ = {isa = PBXBuildFile; fileRef = 752CAAF51CE358D50063E287 /* Main.storyboard */; };
		752CAAFA1CE358D50063E287 /* VirtualTourist.xcdatamodeld in Sources */ = {isa = PBXBuildFile; fileRef = 752CAAF81CE358D50063E287 /* VirtualTourist.xcdatamodeld */; };
		752CAAFC1CE358D50063E287 /* Assets.xcassets in Resources */ = {isa = PBXBuildFile; fileRef = 752CAAFB1CE358D50063E287 /* Assets.xcassets */; };
		752CAAFF1CE358D50063E287 /* LaunchScreen.storyboard in Resources */ = {isa = PBXBuildFile; fileRef = 752CAAFD1CE358D50063E287 /* LaunchScreen.storyboard */; };
		752CAB0A1CE358D50063E287 /* VirtualTouristTests.swift in Sources */ = {isa = PBXBuildFile; fileRef = 752CAB091CE358D50063E287 /* VirtualTouristTests.swift */; };
		752CAB151CE358D50063E287 /* VirtualTouristUITests.swift in Sources */ = {isa = PBXBuildFile; fileRef = 752CAB141CE358D50063E287 /* VirtualTouristUITests.swift */; };
		75347B791CE9A35400B61AF4 /* EntityNamelable.swift in Sources */ = {isa = PBXBuildFile; fileRef = 75347B781CE9A35400B61AF4 /* EntityNamelable.swift */; };
		75347B7B1CE9A58F00B61AF4 /* PersistenceCentral.swift in Sources */ = {isa = PBXBuildFile; fileRef = 75347B7A1CE9A58F00B61AF4 /* PersistenceCentral.swift */; };
		75347B851CE9B02500B61AF4 /* PhotoAlbumViewController.swift in Sources */ = {isa = PBXBuildFile; fileRef = 75347B841CE9B02500B61AF4 /* PhotoAlbumViewController.swift */; };
		7572FE981CEB011800BAE4E7 /* ApiClientResult.swift in Sources */ = {isa = PBXBuildFile; fileRef = 7572FE8F1CEB011800BAE4E7 /* ApiClientResult.swift */; };
		7572FE991CEB011800BAE4E7 /* ErrorUtils.swift in Sources */ = {isa = PBXBuildFile; fileRef = 7572FE901CEB011800BAE4E7 /* ErrorUtils.swift */; };
		7572FE9A1CEB011800BAE4E7 /* FlickrApiClient.swift in Sources */ = {isa = PBXBuildFile; fileRef = 7572FE911CEB011800BAE4E7 /* FlickrApiClient.swift */; };
		7572FE9B1CEB011800BAE4E7 /* FlickrConstants.swift in Sources */ = {isa = PBXBuildFile; fileRef = 7572FE921CEB011800BAE4E7 /* FlickrConstants.swift */; };
		7572FE9C1CEB011800BAE4E7 /* HttpApiClient.swift in Sources */ = {isa = PBXBuildFile; fileRef = 7572FE931CEB011800BAE4E7 /* HttpApiClient.swift */; };
		7572FE9D1CEB011800BAE4E7 /* HttpMethodName.swift in Sources */ = {isa = PBXBuildFile; fileRef = 7572FE941CEB011800BAE4E7 /* HttpMethodName.swift */; };
		7572FE9E1CEB011800BAE4E7 /* JSON.swift in Sources */ = {isa = PBXBuildFile; fileRef = 7572FE951CEB011800BAE4E7 /* JSON.swift */; };
		7572FE9F1CEB011800BAE4E7 /* JsonApiClient.swift in Sources */ = {isa = PBXBuildFile; fileRef = 7572FE961CEB011800BAE4E7 /* JsonApiClient.swift */; };
		7572FEA01CEB011800BAE4E7 /* JSONParselable.swift in Sources */ = {isa = PBXBuildFile; fileRef = 7572FE971CEB011800BAE4E7 /* JSONParselable.swift */; };
		7572FEA81CEB02D300BAE4E7 /* Pin+CoreDataProperties.swift in Sources */ = {isa = PBXBuildFile; fileRef = 7572FEA61CEB02D300BAE4E7 /* Pin+CoreDataProperties.swift */; };
		75740B861CE4B295001679A0 /* UserDefaultsUtils.swift in Sources */ = {isa = PBXBuildFile; fileRef = 75740B851CE4B295001679A0 /* UserDefaultsUtils.swift */; };
		75A6F0711CEB53B10093B2EB /* MediumImage+CoreDataProperties.swift in Sources */ = {isa = PBXBuildFile; fileRef = 75A6F06A1CEB53B10093B2EB /* MediumImage+CoreDataProperties.swift */; };
		75A6F0721CEB53B10093B2EB /* MediumImage.swift in Sources */ = {isa = PBXBuildFile; fileRef = 75A6F06B1CEB53B10093B2EB /* MediumImage.swift */; };
		75A6F0731CEB53B10093B2EB /* Photo+CoreDataProperties.swift in Sources */ = {isa = PBXBuildFile; fileRef = 75A6F06C1CEB53B10093B2EB /* Photo+CoreDataProperties.swift */; };
		75A6F0741CEB53B10093B2EB /* PhotoData+CoreDataProperties.swift in Sources */ = {isa = PBXBuildFile; fileRef = 75A6F06D1CEB53B10093B2EB /* PhotoData+CoreDataProperties.swift */; };
		75A6F0751CEB53B10093B2EB /* PhotoData.swift in Sources */ = {isa = PBXBuildFile; fileRef = 75A6F06E1CEB53B10093B2EB /* PhotoData.swift */; };
		75A6F0761CEB53B10093B2EB /* ThumbnailImage+CoreDataProperties.swift in Sources */ = {isa = PBXBuildFile; fileRef = 75A6F06F1CEB53B10093B2EB /* ThumbnailImage+CoreDataProperties.swift */; };
		75A6F0771CEB53B10093B2EB /* ThumbnailImage.swift in Sources */ = {isa = PBXBuildFile; fileRef = 75A6F0701CEB53B10093B2EB /* ThumbnailImage.swift */; };
		75B8DAA91CE479BA00E0E8B2 /* Photo.swift in Sources */ = {isa = PBXBuildFile; fileRef = 75B8DAA51CE479BA00E0E8B2 /* Photo.swift */; };
		75B8DAAB1CE479BA00E0E8B2 /* Pin.swift in Sources */ = {isa = PBXBuildFile; fileRef = 75B8DAA71CE479BA00E0E8B2 /* Pin.swift */; };
		75B8DAAF1CE47AA100E0E8B2 /* CoreDataStackManager.swift in Sources */ = {isa = PBXBuildFile; fileRef = 75B8DAAE1CE47AA100E0E8B2 /* CoreDataStackManager.swift */; };
		75B8DAB21CE47BD800E0E8B2 /* PathUtils.swift in Sources */ = {isa = PBXBuildFile; fileRef = 75B8DAB11CE47BD800E0E8B2 /* PathUtils.swift */; };
		75B8DAB61CE482BF00E0E8B2 /* UUIDUtils.swift in Sources */ = {isa = PBXBuildFile; fileRef = 75B8DAB51CE482BF00E0E8B2 /* UUIDUtils.swift */; };
		75EF26551CEA959C00A0A79C /* UIUtils.swift in Sources */ = {isa = PBXBuildFile; fileRef = 75EF26541CEA959C00A0A79C /* UIUtils.swift */; };
		75EF26571CEA988600A0A79C /* PhotoAlbumCollectionViewCell.swift in Sources */ = {isa = PBXBuildFile; fileRef = 75EF26561CEA988600A0A79C /* PhotoAlbumCollectionViewCell.swift */; };
		75F5670D1CE9587E00BEC4C2 /* LocationUtils.swift in Sources */ = {isa = PBXBuildFile; fileRef = 75F5670C1CE9587E00BEC4C2 /* LocationUtils.swift */; };
		75F5670F1CE95DDB00BEC4C2 /* GCDUtils.swift in Sources */ = {isa = PBXBuildFile; fileRef = 75F5670E1CE95DDB00BEC4C2 /* GCDUtils.swift */; };
/* End PBXBuildFile section */

/* Begin PBXContainerItemProxy section */
		752CAB061CE358D50063E287 /* PBXContainerItemProxy */ = {
			isa = PBXContainerItemProxy;
			containerPortal = 752CAAE61CE358D40063E287 /* Project object */;
			proxyType = 1;
			remoteGlobalIDString = 752CAAED1CE358D40063E287;
			remoteInfo = VirtualTourist;
		};
		752CAB111CE358D50063E287 /* PBXContainerItemProxy */ = {
			isa = PBXContainerItemProxy;
			containerPortal = 752CAAE61CE358D40063E287 /* Project object */;
			proxyType = 1;
			remoteGlobalIDString = 752CAAED1CE358D40063E287;
			remoteInfo = VirtualTourist;
		};
/* End PBXContainerItemProxy section */

/* Begin PBXFileReference section */
		752CAAEE1CE358D40063E287 /* VirtualTourist.app */ = {isa = PBXFileReference; explicitFileType = wrapper.application; includeInIndex = 0; path = VirtualTourist.app; sourceTree = BUILT_PRODUCTS_DIR; };
		752CAAF11CE358D40063E287 /* AppDelegate.swift */ = {isa = PBXFileReference; lastKnownFileType = sourcecode.swift; path = AppDelegate.swift; sourceTree = "<group>"; };
		752CAAF31CE358D50063E287 /* TravelLocationsViewController.swift */ = {isa = PBXFileReference; lastKnownFileType = sourcecode.swift; path = TravelLocationsViewController.swift; sourceTree = "<group>"; };
		752CAAF61CE358D50063E287 /* Base */ = {isa = PBXFileReference; lastKnownFileType = file.storyboard; name = Base; path = Base.lproj/Main.storyboard; sourceTree = "<group>"; };
		752CAAF91CE358D50063E287 /* VirtualTourist.xcdatamodel */ = {isa = PBXFileReference; lastKnownFileType = wrapper.xcdatamodel; path = VirtualTourist.xcdatamodel; sourceTree = "<group>"; };
		752CAAFB1CE358D50063E287 /* Assets.xcassets */ = {isa = PBXFileReference; lastKnownFileType = folder.assetcatalog; path = Assets.xcassets; sourceTree = "<group>"; };
		752CAAFE1CE358D50063E287 /* Base */ = {isa = PBXFileReference; lastKnownFileType = file.storyboard; name = Base; path = Base.lproj/LaunchScreen.storyboard; sourceTree = "<group>"; };
		752CAB001CE358D50063E287 /* Info.plist */ = {isa = PBXFileReference; lastKnownFileType = text.plist.xml; path = Info.plist; sourceTree = "<group>"; };
		752CAB051CE358D50063E287 /* VirtualTouristTests.xctest */ = {isa = PBXFileReference; explicitFileType = wrapper.cfbundle; includeInIndex = 0; path = VirtualTouristTests.xctest; sourceTree = BUILT_PRODUCTS_DIR; };
		752CAB091CE358D50063E287 /* VirtualTouristTests.swift */ = {isa = PBXFileReference; lastKnownFileType = sourcecode.swift; path = VirtualTouristTests.swift; sourceTree = "<group>"; };
		752CAB0B1CE358D50063E287 /* Info.plist */ = {isa = PBXFileReference; lastKnownFileType = text.plist.xml; path = Info.plist; sourceTree = "<group>"; };
		752CAB101CE358D50063E287 /* VirtualTouristUITests.xctest */ = {isa = PBXFileReference; explicitFileType = wrapper.cfbundle; includeInIndex = 0; path = VirtualTouristUITests.xctest; sourceTree = BUILT_PRODUCTS_DIR; };
		752CAB141CE358D50063E287 /* VirtualTouristUITests.swift */ = {isa = PBXFileReference; lastKnownFileType = sourcecode.swift; path = VirtualTouristUITests.swift; sourceTree = "<group>"; };
		752CAB161CE358D50063E287 /* Info.plist */ = {isa = PBXFileReference; lastKnownFileType = text.plist.xml; path = Info.plist; sourceTree = "<group>"; };
		75347B781CE9A35400B61AF4 /* EntityNamelable.swift */ = {isa = PBXFileReference; fileEncoding = 4; lastKnownFileType = sourcecode.swift; path = EntityNamelable.swift; sourceTree = "<group>"; };
		75347B7A1CE9A58F00B61AF4 /* PersistenceCentral.swift */ = {isa = PBXFileReference; fileEncoding = 4; lastKnownFileType = sourcecode.swift; path = PersistenceCentral.swift; sourceTree = "<group>"; };
		75347B841CE9B02500B61AF4 /* PhotoAlbumViewController.swift */ = {isa = PBXFileReference; fileEncoding = 4; lastKnownFileType = sourcecode.swift; path = PhotoAlbumViewController.swift; sourceTree = "<group>"; };
		7572FE8F1CEB011800BAE4E7 /* ApiClientResult.swift */ = {isa = PBXFileReference; fileEncoding = 4; lastKnownFileType = sourcecode.swift; name = ApiClientResult.swift; path = VirtualTourist/ApiClientResult.swift; sourceTree = "<group>"; };
		7572FE901CEB011800BAE4E7 /* ErrorUtils.swift */ = {isa = PBXFileReference; fileEncoding = 4; lastKnownFileType = sourcecode.swift; name = ErrorUtils.swift; path = VirtualTourist/ErrorUtils.swift; sourceTree = "<group>"; };
		7572FE911CEB011800BAE4E7 /* FlickrApiClient.swift */ = {isa = PBXFileReference; fileEncoding = 4; lastKnownFileType = sourcecode.swift; name = FlickrApiClient.swift; path = VirtualTourist/FlickrApiClient.swift; sourceTree = "<group>"; };
		7572FE921CEB011800BAE4E7 /* FlickrConstants.swift */ = {isa = PBXFileReference; fileEncoding = 4; lastKnownFileType = sourcecode.swift; name = FlickrConstants.swift; path = VirtualTourist/FlickrConstants.swift; sourceTree = "<group>"; };
		7572FE931CEB011800BAE4E7 /* HttpApiClient.swift */ = {isa = PBXFileReference; fileEncoding = 4; lastKnownFileType = sourcecode.swift; name = HttpApiClient.swift; path = VirtualTourist/HttpApiClient.swift; sourceTree = "<group>"; };
		7572FE941CEB011800BAE4E7 /* HttpMethodName.swift */ = {isa = PBXFileReference; fileEncoding = 4; lastKnownFileType = sourcecode.swift; name = HttpMethodName.swift; path = VirtualTourist/HttpMethodName.swift; sourceTree = "<group>"; };
		7572FE951CEB011800BAE4E7 /* JSON.swift */ = {isa = PBXFileReference; fileEncoding = 4; lastKnownFileType = sourcecode.swift; name = JSON.swift; path = VirtualTourist/JSON.swift; sourceTree = "<group>"; };
		7572FE961CEB011800BAE4E7 /* JsonApiClient.swift */ = {isa = PBXFileReference; fileEncoding = 4; lastKnownFileType = sourcecode.swift; name = JsonApiClient.swift; path = VirtualTourist/JsonApiClient.swift; sourceTree = "<group>"; };
		7572FE971CEB011800BAE4E7 /* JSONParselable.swift */ = {isa = PBXFileReference; fileEncoding = 4; lastKnownFileType = sourcecode.swift; name = JSONParselable.swift; path = VirtualTourist/JSONParselable.swift; sourceTree = "<group>"; };
		7572FEA61CEB02D300BAE4E7 /* Pin+CoreDataProperties.swift */ = {isa = PBXFileReference; fileEncoding = 4; lastKnownFileType = sourcecode.swift; path = "Pin+CoreDataProperties.swift"; sourceTree = "<group>"; };
		75740B851CE4B295001679A0 /* UserDefaultsUtils.swift */ = {isa = PBXFileReference; fileEncoding = 4; lastKnownFileType = sourcecode.swift; name = UserDefaultsUtils.swift; path = VirtualTourist/UserDefaultsUtils.swift; sourceTree = "<group>"; };
		75A6F06A1CEB53B10093B2EB /* MediumImage+CoreDataProperties.swift */ = {isa = PBXFileReference; fileEncoding = 4; lastKnownFileType = sourcecode.swift; path = "MediumImage+CoreDataProperties.swift"; sourceTree = "<group>"; };
		75A6F06B1CEB53B10093B2EB /* MediumImage.swift */ = {isa = PBXFileReference; fileEncoding = 4; lastKnownFileType = sourcecode.swift; path = MediumImage.swift; sourceTree = "<group>"; };
		75A6F06C1CEB53B10093B2EB /* Photo+CoreDataProperties.swift */ = {isa = PBXFileReference; fileEncoding = 4; lastKnownFileType = sourcecode.swift; path = "Photo+CoreDataProperties.swift"; sourceTree = "<group>"; };
		75A6F06D1CEB53B10093B2EB /* PhotoData+CoreDataProperties.swift */ = {isa = PBXFileReference; fileEncoding = 4; lastKnownFileType = sourcecode.swift; path = "PhotoData+CoreDataProperties.swift"; sourceTree = "<group>"; };
		75A6F06E1CEB53B10093B2EB /* PhotoData.swift */ = {isa = PBXFileReference; fileEncoding = 4; lastKnownFileType = sourcecode.swift; path = PhotoData.swift; sourceTree = "<group>"; };
		75A6F06F1CEB53B10093B2EB /* ThumbnailImage+CoreDataProperties.swift */ = {isa = PBXFileReference; fileEncoding = 4; lastKnownFileType = sourcecode.swift; path = "ThumbnailImage+CoreDataProperties.swift"; sourceTree = "<group>"; };
		75A6F0701CEB53B10093B2EB /* ThumbnailImage.swift */ = {isa = PBXFileReference; fileEncoding = 4; lastKnownFileType = sourcecode.swift; path = ThumbnailImage.swift; sourceTree = "<group>"; };
		75B8DAA51CE479BA00E0E8B2 /* Photo.swift */ = {isa = PBXFileReference; fileEncoding = 4; lastKnownFileType = sourcecode.swift; path = Photo.swift; sourceTree = "<group>"; };
		75B8DAA71CE479BA00E0E8B2 /* Pin.swift */ = {isa = PBXFileReference; fileEncoding = 4; lastKnownFileType = sourcecode.swift; path = Pin.swift; sourceTree = "<group>"; };
		75B8DAAE1CE47AA100E0E8B2 /* CoreDataStackManager.swift */ = {isa = PBXFileReference; fileEncoding = 4; lastKnownFileType = sourcecode.swift; path = CoreDataStackManager.swift; sourceTree = "<group>"; };
		75B8DAB11CE47BD800E0E8B2 /* PathUtils.swift */ = {isa = PBXFileReference; fileEncoding = 4; lastKnownFileType = sourcecode.swift; name = PathUtils.swift; path = VirtualTourist/PathUtils.swift; sourceTree = "<group>"; };
		75B8DAB51CE482BF00E0E8B2 /* UUIDUtils.swift */ = {isa = PBXFileReference; fileEncoding = 4; lastKnownFileType = sourcecode.swift; name = UUIDUtils.swift; path = VirtualTourist/UUIDUtils.swift; sourceTree = "<group>"; };
		75EF26541CEA959C00A0A79C /* UIUtils.swift */ = {isa = PBXFileReference; fileEncoding = 4; lastKnownFileType = sourcecode.swift; name = UIUtils.swift; path = VirtualTourist/UIUtils.swift; sourceTree = "<group>"; };
		75EF26561CEA988600A0A79C /* PhotoAlbumCollectionViewCell.swift */ = {isa = PBXFileReference; fileEncoding = 4; lastKnownFileType = sourcecode.swift; path = PhotoAlbumCollectionViewCell.swift; sourceTree = "<group>"; };
		75F5670C1CE9587E00BEC4C2 /* LocationUtils.swift */ = {isa = PBXFileReference; fileEncoding = 4; lastKnownFileType = sourcecode.swift; name = LocationUtils.swift; path = VirtualTourist/LocationUtils.swift; sourceTree = "<group>"; };
		75F5670E1CE95DDB00BEC4C2 /* GCDUtils.swift */ = {isa = PBXFileReference; fileEncoding = 4; lastKnownFileType = sourcecode.swift; name = GCDUtils.swift; path = VirtualTourist/GCDUtils.swift; sourceTree = "<group>"; };
/* End PBXFileReference section */

/* Begin PBXFrameworksBuildPhase section */
		752CAAEB1CE358D40063E287 /* Frameworks */ = {
			isa = PBXFrameworksBuildPhase;
			buildActionMask = 2147483647;
			files = (
			);
			runOnlyForDeploymentPostprocessing = 0;
		};
		752CAB021CE358D50063E287 /* Frameworks */ = {
			isa = PBXFrameworksBuildPhase;
			buildActionMask = 2147483647;
			files = (
			);
			runOnlyForDeploymentPostprocessing = 0;
		};
		752CAB0D1CE358D50063E287 /* Frameworks */ = {
			isa = PBXFrameworksBuildPhase;
			buildActionMask = 2147483647;
			files = (
			);
			runOnlyForDeploymentPostprocessing = 0;
		};
/* End PBXFrameworksBuildPhase section */

/* Begin PBXGroup section */
		752CAAE51CE358D40063E287 = {
			isa = PBXGroup;
			children = (
				75B8DAB01CE47B8300E0E8B2 /* VirtualTourist */,
				752CAB081CE358D50063E287 /* VirtualTouristTests */,
				752CAB131CE358D50063E287 /* VirtualTouristUITests */,
				752CAAEF1CE358D40063E287 /* Products */,
			);
			sourceTree = "<group>";
		};
		752CAAEF1CE358D40063E287 /* Products */ = {
			isa = PBXGroup;
			children = (
				752CAAEE1CE358D40063E287 /* VirtualTourist.app */,
				752CAB051CE358D50063E287 /* VirtualTouristTests.xctest */,
				752CAB101CE358D50063E287 /* VirtualTouristUITests.xctest */,
			);
			name = Products;
			sourceTree = "<group>";
		};
		752CAB081CE358D50063E287 /* VirtualTouristTests */ = {
			isa = PBXGroup;
			children = (
				752CAB091CE358D50063E287 /* VirtualTouristTests.swift */,
				752CAB0B1CE358D50063E287 /* Info.plist */,
			);
			path = VirtualTouristTests;
			sourceTree = "<group>";
		};
		752CAB131CE358D50063E287 /* VirtualTouristUITests */ = {
			isa = PBXGroup;
			children = (
				752CAB141CE358D50063E287 /* VirtualTouristUITests.swift */,
				752CAB161CE358D50063E287 /* Info.plist */,
			);
			path = VirtualTouristUITests;
			sourceTree = "<group>";
		};
		752CAB221CE3596C0063E287 /* Assets */ = {
			isa = PBXGroup;
			children = (
				752CAAF51CE358D50063E287 /* Main.storyboard */,
				752CAAFD1CE358D50063E287 /* LaunchScreen.storyboard */,
				752CAAFB1CE358D50063E287 /* Assets.xcassets */,
			);
			name = Assets;
			sourceTree = "<group>";
		};
		752CAB231CE359910063E287 /* SupportingFiles */ = {
			isa = PBXGroup;
			children = (
				752CAB001CE358D50063E287 /* Info.plist */,
			);
			name = SupportingFiles;
			path = VirtualTourist;
			sourceTree = "<group>";
		};
		752CAB241CE359A20063E287 /* Model */ = {
			isa = PBXGroup;
			children = (
				7572FEA91CEB06AE00BAE4E7 /* CoreData */,
				7572FEA41CEB018000BAE4E7 /* Json */,
			);
			name = Model;
			path = VirtualTourist;
			sourceTree = "<group>";
		};
		752CAB251CE359C70063E287 /* ViewControllers */ = {
			isa = PBXGroup;
			children = (
				752CAAF31CE358D50063E287 /* TravelLocationsViewController.swift */,
				75347B841CE9B02500B61AF4 /* PhotoAlbumViewController.swift */,
			);
			name = ViewControllers;
			sourceTree = "<group>";
		};
		752CAB261CE35A000063E287 /* AppDelegate */ = {
			isa = PBXGroup;
			children = (
				752CAAF11CE358D40063E287 /* AppDelegate.swift */,
			);
			name = AppDelegate;
			path = VirtualTourist;
			sourceTree = "<group>";
		};
		752CAB271CE35A0A0063E287 /* UI */ = {
			isa = PBXGroup;
			children = (
				752CAB251CE359C70063E287 /* ViewControllers */,
				75EF26581CEA988F00A0A79C /* View */,
				752CAB221CE3596C0063E287 /* Assets */,
			);
			name = UI;
			path = VirtualTourist;
			sourceTree = "<group>";
		};
		7572FEA11CEB012200BAE4E7 /* Api */ = {
			isa = PBXGroup;
			children = (
				7572FEA31CEB015000BAE4E7 /* Clients */,
				7572FE8F1CEB011800BAE4E7 /* ApiClientResult.swift */,
				7572FE941CEB011800BAE4E7 /* HttpMethodName.swift */,
			);
			name = Api;
			sourceTree = "<group>";
		};
		7572FEA21CEB013600BAE4E7 /* Flickr */ = {
			isa = PBXGroup;
			children = (
				7572FE911CEB011800BAE4E7 /* FlickrApiClient.swift */,
				7572FE921CEB011800BAE4E7 /* FlickrConstants.swift */,
			);
			name = Flickr;
			sourceTree = "<group>";
		};
		7572FEA31CEB015000BAE4E7 /* Clients */ = {
			isa = PBXGroup;
			children = (
				7572FE931CEB011800BAE4E7 /* HttpApiClient.swift */,
				7572FE961CEB011800BAE4E7 /* JsonApiClient.swift */,
				7572FEA21CEB013600BAE4E7 /* Flickr */,
			);
			name = Clients;
			sourceTree = "<group>";
		};
		7572FEA41CEB018000BAE4E7 /* Json */ = {
			isa = PBXGroup;
			children = (
				7572FE951CEB011800BAE4E7 /* JSON.swift */,
				7572FE971CEB011800BAE4E7 /* JSONParselable.swift */,
			);
			name = Json;
			path = ..;
			sourceTree = "<group>";
		};
		7572FEA91CEB06AE00BAE4E7 /* CoreData */ = {
			isa = PBXGroup;
			children = (
				75B8DAAE1CE47AA100E0E8B2 /* CoreDataStackManager.swift */,
				75347B7A1CE9A58F00B61AF4 /* PersistenceCentral.swift */,
				75347B781CE9A35400B61AF4 /* EntityNamelable.swift */,
				752CAAF81CE358D50063E287 /* VirtualTourist.xcdatamodeld */,
				75B8DAAD1CE47A6F00E0E8B2 /* Pin */,
				75B8DAAC1CE47A6700E0E8B2 /* Photo */,
			);
			name = CoreData;
			sourceTree = "<group>";
		};
		75A6F0781CEB53DF0093B2EB /* PhotoData */ = {
			isa = PBXGroup;
			children = (
				75A6F06D1CEB53B10093B2EB /* PhotoData+CoreDataProperties.swift */,
				75A6F06E1CEB53B10093B2EB /* PhotoData.swift */,
				75A6F0791CEB53F60093B2EB /* Thumbnail */,
				75A6F07A1CEB54020093B2EB /* Medium */,
			);
			name = PhotoData;
			sourceTree = "<group>";
		};
		75A6F0791CEB53F60093B2EB /* Thumbnail */ = {
			isa = PBXGroup;
			children = (
				75A6F06F1CEB53B10093B2EB /* ThumbnailImage+CoreDataProperties.swift */,
				75A6F0701CEB53B10093B2EB /* ThumbnailImage.swift */,
			);
			name = Thumbnail;
			sourceTree = "<group>";
		};
		75A6F07A1CEB54020093B2EB /* Medium */ = {
			isa = PBXGroup;
			children = (
				75A6F06A1CEB53B10093B2EB /* MediumImage+CoreDataProperties.swift */,
				75A6F06B1CEB53B10093B2EB /* MediumImage.swift */,
			);
			name = Medium;
			sourceTree = "<group>";
		};
		75B8DAAC1CE47A6700E0E8B2 /* Photo */ = {
			isa = PBXGroup;
			children = (
				75A6F06C1CEB53B10093B2EB /* Photo+CoreDataProperties.swift */,
				75B8DAA51CE479BA00E0E8B2 /* Photo.swift */,
				75A6F0781CEB53DF0093B2EB /* PhotoData */,
			);
			name = Photo;
			sourceTree = "<group>";
		};
		75B8DAAD1CE47A6F00E0E8B2 /* Pin */ = {
			isa = PBXGroup;
			children = (
				7572FEA61CEB02D300BAE4E7 /* Pin+CoreDataProperties.swift */,
				75B8DAA71CE479BA00E0E8B2 /* Pin.swift */,
			);
			name = Pin;
			sourceTree = "<group>";
		};
		75B8DAB01CE47B8300E0E8B2 /* VirtualTourist */ = {
			isa = PBXGroup;
			children = (
				752CAB261CE35A000063E287 /* AppDelegate */,
				7572FEA11CEB012200BAE4E7 /* Api */,
				752CAB241CE359A20063E287 /* Model */,
				752CAB271CE35A0A0063E287 /* UI */,
				75B8DAB31CE47BDC00E0E8B2 /* Utils */,
				752CAB231CE359910063E287 /* SupportingFiles */,
			);
			name = VirtualTourist;
			sourceTree = "<group>";
		};
		75B8DAB31CE47BDC00E0E8B2 /* Utils */ = {
			isa = PBXGroup;
			children = (
				7572FE901CEB011800BAE4E7 /* ErrorUtils.swift */,
				75B8DAB11CE47BD800E0E8B2 /* PathUtils.swift */,
				75B8DAB51CE482BF00E0E8B2 /* UUIDUtils.swift */,
				75740B851CE4B295001679A0 /* UserDefaultsUtils.swift */,
				75F5670C1CE9587E00BEC4C2 /* LocationUtils.swift */,
				75F5670E1CE95DDB00BEC4C2 /* GCDUtils.swift */,
				75EF26541CEA959C00A0A79C /* UIUtils.swift */,
			);
			name = Utils;
			sourceTree = "<group>";
		};
		75EF26581CEA988F00A0A79C /* View */ = {
			isa = PBXGroup;
			children = (
				75EF26561CEA988600A0A79C /* PhotoAlbumCollectionViewCell.swift */,
			);
			name = View;
			sourceTree = "<group>";
		};
/* End PBXGroup section */

/* Begin PBXNativeTarget section */
		752CAAED1CE358D40063E287 /* VirtualTourist */ = {
			isa = PBXNativeTarget;
			buildConfigurationList = 752CAB191CE358D50063E287 /* Build configuration list for PBXNativeTarget "VirtualTourist" */;
			buildPhases = (
				752CAAEA1CE358D40063E287 /* Sources */,
				752CAAEB1CE358D40063E287 /* Frameworks */,
				752CAAEC1CE358D40063E287 /* Resources */,
			);
			buildRules = (
			);
			dependencies = (
			);
			name = VirtualTourist;
			productName = VirtualTourist;
			productReference = 752CAAEE1CE358D40063E287 /* VirtualTourist.app */;
			productType = "com.apple.product-type.application";
		};
		752CAB041CE358D50063E287 /* VirtualTouristTests */ = {
			isa = PBXNativeTarget;
			buildConfigurationList = 752CAB1C1CE358D50063E287 /* Build configuration list for PBXNativeTarget "VirtualTouristTests" */;
			buildPhases = (
				752CAB011CE358D50063E287 /* Sources */,
				752CAB021CE358D50063E287 /* Frameworks */,
				752CAB031CE358D50063E287 /* Resources */,
			);
			buildRules = (
			);
			dependencies = (
				752CAB071CE358D50063E287 /* PBXTargetDependency */,
			);
			name = VirtualTouristTests;
			productName = VirtualTouristTests;
			productReference = 752CAB051CE358D50063E287 /* VirtualTouristTests.xctest */;
			productType = "com.apple.product-type.bundle.unit-test";
		};
		752CAB0F1CE358D50063E287 /* VirtualTouristUITests */ = {
			isa = PBXNativeTarget;
			buildConfigurationList = 752CAB1F1CE358D50063E287 /* Build configuration list for PBXNativeTarget "VirtualTouristUITests" */;
			buildPhases = (
				752CAB0C1CE358D50063E287 /* Sources */,
				752CAB0D1CE358D50063E287 /* Frameworks */,
				752CAB0E1CE358D50063E287 /* Resources */,
			);
			buildRules = (
			);
			dependencies = (
				752CAB121CE358D50063E287 /* PBXTargetDependency */,
			);
			name = VirtualTouristUITests;
			productName = VirtualTouristUITests;
			productReference = 752CAB101CE358D50063E287 /* VirtualTouristUITests.xctest */;
			productType = "com.apple.product-type.bundle.ui-testing";
		};
/* End PBXNativeTarget section */

/* Begin PBXProject section */
		752CAAE61CE358D40063E287 /* Project object */ = {
			isa = PBXProject;
			attributes = {
				LastSwiftUpdateCheck = 0730;
				LastUpgradeCheck = 0730;
				ORGANIZATIONNAME = "Ivan Magda";
				TargetAttributes = {
					752CAAED1CE358D40063E287 = {
						CreatedOnToolsVersion = 7.3.1;
					};
					752CAB041CE358D50063E287 = {
						CreatedOnToolsVersion = 7.3.1;
						TestTargetID = 752CAAED1CE358D40063E287;
					};
					752CAB0F1CE358D50063E287 = {
						CreatedOnToolsVersion = 7.3.1;
						TestTargetID = 752CAAED1CE358D40063E287;
					};
				};
			};
			buildConfigurationList = 752CAAE91CE358D40063E287 /* Build configuration list for PBXProject "VirtualTourist" */;
			compatibilityVersion = "Xcode 3.2";
			developmentRegion = English;
			hasScannedForEncodings = 0;
			knownRegions = (
				en,
				Base,
			);
			mainGroup = 752CAAE51CE358D40063E287;
			productRefGroup = 752CAAEF1CE358D40063E287 /* Products */;
			projectDirPath = "";
			projectRoot = "";
			targets = (
				752CAAED1CE358D40063E287 /* VirtualTourist */,
				752CAB041CE358D50063E287 /* VirtualTouristTests */,
				752CAB0F1CE358D50063E287 /* VirtualTouristUITests */,
			);
		};
/* End PBXProject section */

/* Begin PBXResourcesBuildPhase section */
		752CAAEC1CE358D40063E287 /* Resources */ = {
			isa = PBXResourcesBuildPhase;
			buildActionMask = 2147483647;
			files = (
				752CAAFF1CE358D50063E287 /* LaunchScreen.storyboard in Resources */,
				752CAAFC1CE358D50063E287 /* Assets.xcassets in Resources */,
				752CAAF71CE358D50063E287 /* Main.storyboard in Resources */,
			);
			runOnlyForDeploymentPostprocessing = 0;
		};
		752CAB031CE358D50063E287 /* Resources */ = {
			isa = PBXResourcesBuildPhase;
			buildActionMask = 2147483647;
			files = (
			);
			runOnlyForDeploymentPostprocessing = 0;
		};
		752CAB0E1CE358D50063E287 /* Resources */ = {
			isa = PBXResourcesBuildPhase;
			buildActionMask = 2147483647;
			files = (
			);
			runOnlyForDeploymentPostprocessing = 0;
		};
/* End PBXResourcesBuildPhase section */

/* Begin PBXSourcesBuildPhase section */
		752CAAEA1CE358D40063E287 /* Sources */ = {
			isa = PBXSourcesBuildPhase;
			buildActionMask = 2147483647;
			files = (
				7572FE9D1CEB011800BAE4E7 /* HttpMethodName.swift in Sources */,
				75F5670D1CE9587E00BEC4C2 /* LocationUtils.swift in Sources */,
				7572FE991CEB011800BAE4E7 /* ErrorUtils.swift in Sources */,
				75B8DAB61CE482BF00E0E8B2 /* UUIDUtils.swift in Sources */,
				75A6F0761CEB53B10093B2EB /* ThumbnailImage+CoreDataProperties.swift in Sources */,
				75A6F0751CEB53B10093B2EB /* PhotoData.swift in Sources */,
				7572FE9F1CEB011800BAE4E7 /* JsonApiClient.swift in Sources */,
				75347B851CE9B02500B61AF4 /* PhotoAlbumViewController.swift in Sources */,
				7572FE9E1CEB011800BAE4E7 /* JSON.swift in Sources */,
				75A6F0771CEB53B10093B2EB /* ThumbnailImage.swift in Sources */,
				7572FEA01CEB011800BAE4E7 /* JSONParselable.swift in Sources */,
				7572FE9C1CEB011800BAE4E7 /* HttpApiClient.swift in Sources */,
				75B8DAB21CE47BD800E0E8B2 /* PathUtils.swift in Sources */,
				75EF26571CEA988600A0A79C /* PhotoAlbumCollectionViewCell.swift in Sources */,
				75EF26551CEA959C00A0A79C /* UIUtils.swift in Sources */,
				75B8DAAB1CE479BA00E0E8B2 /* Pin.swift in Sources */,
				75B8DAAF1CE47AA100E0E8B2 /* CoreDataStackManager.swift in Sources */,
				75A6F0741CEB53B10093B2EB /* PhotoData+CoreDataProperties.swift in Sources */,
				752CAAF41CE358D50063E287 /* TravelLocationsViewController.swift in Sources */,
				752CAAF21CE358D40063E287 /* AppDelegate.swift in Sources */,
				75A6F0721CEB53B10093B2EB /* MediumImage.swift in Sources */,
				7572FE9A1CEB011800BAE4E7 /* FlickrApiClient.swift in Sources */,
				75347B791CE9A35400B61AF4 /* EntityNamelable.swift in Sources */,
				7572FEA81CEB02D300BAE4E7 /* Pin+CoreDataProperties.swift in Sources */,
				75A6F0711CEB53B10093B2EB /* MediumImage+CoreDataProperties.swift in Sources */,
				7572FE9B1CEB011800BAE4E7 /* FlickrConstants.swift in Sources */,
				7572FE981CEB011800BAE4E7 /* ApiClientResult.swift in Sources */,
				752CAAFA1CE358D50063E287 /* VirtualTourist.xcdatamodeld in Sources */,
				75F5670F1CE95DDB00BEC4C2 /* GCDUtils.swift in Sources */,
				75740B861CE4B295001679A0 /* UserDefaultsUtils.swift in Sources */,
				75B8DAA91CE479BA00E0E8B2 /* Photo.swift in Sources */,
				75A6F0731CEB53B10093B2EB /* Photo+CoreDataProperties.swift in Sources */,
				75347B7B1CE9A58F00B61AF4 /* PersistenceCentral.swift in Sources */,
			);
			runOnlyForDeploymentPostprocessing = 0;
		};
		752CAB011CE358D50063E287 /* Sources */ = {
			isa = PBXSourcesBuildPhase;
			buildActionMask = 2147483647;
			files = (
				752CAB0A1CE358D50063E287 /* VirtualTouristTests.swift in Sources */,
			);
			runOnlyForDeploymentPostprocessing = 0;
		};
		752CAB0C1CE358D50063E287 /* Sources */ = {
			isa = PBXSourcesBuildPhase;
			buildActionMask = 2147483647;
			files = (
				752CAB151CE358D50063E287 /* VirtualTouristUITests.swift in Sources */,
			);
			runOnlyForDeploymentPostprocessing = 0;
		};
/* End PBXSourcesBuildPhase section */

/* Begin PBXTargetDependency section */
		752CAB071CE358D50063E287 /* PBXTargetDependency */ = {
			isa = PBXTargetDependency;
			target = 752CAAED1CE358D40063E287 /* VirtualTourist */;
			targetProxy = 752CAB061CE358D50063E287 /* PBXContainerItemProxy */;
		};
		752CAB121CE358D50063E287 /* PBXTargetDependency */ = {
			isa = PBXTargetDependency;
			target = 752CAAED1CE358D40063E287 /* VirtualTourist */;
			targetProxy = 752CAB111CE358D50063E287 /* PBXContainerItemProxy */;
		};
/* End PBXTargetDependency section */

/* Begin PBXVariantGroup section */
		752CAAF51CE358D50063E287 /* Main.storyboard */ = {
			isa = PBXVariantGroup;
			children = (
				752CAAF61CE358D50063E287 /* Base */,
			);
			name = Main.storyboard;
			sourceTree = "<group>";
		};
		752CAAFD1CE358D50063E287 /* LaunchScreen.storyboard */ = {
			isa = PBXVariantGroup;
			children = (
				752CAAFE1CE358D50063E287 /* Base */,
			);
			name = LaunchScreen.storyboard;
			sourceTree = "<group>";
		};
/* End PBXVariantGroup section */

/* Begin XCBuildConfiguration section */
		752CAB171CE358D50063E287 /* Debug */ = {
			isa = XCBuildConfiguration;
			buildSettings = {
				ALWAYS_SEARCH_USER_PATHS = NO;
				CLANG_ANALYZER_NONNULL = YES;
				CLANG_CXX_LANGUAGE_STANDARD = "gnu++0x";
				CLANG_CXX_LIBRARY = "libc++";
				CLANG_ENABLE_MODULES = YES;
				CLANG_ENABLE_OBJC_ARC = YES;
				CLANG_WARN_BOOL_CONVERSION = YES;
				CLANG_WARN_CONSTANT_CONVERSION = YES;
				CLANG_WARN_DIRECT_OBJC_ISA_USAGE = YES_ERROR;
				CLANG_WARN_EMPTY_BODY = YES;
				CLANG_WARN_ENUM_CONVERSION = YES;
				CLANG_WARN_INT_CONVERSION = YES;
				CLANG_WARN_OBJC_ROOT_CLASS = YES_ERROR;
				CLANG_WARN_UNREACHABLE_CODE = YES;
				CLANG_WARN__DUPLICATE_METHOD_MATCH = YES;
				"CODE_SIGN_IDENTITY[sdk=iphoneos*]" = "iPhone Developer";
				COPY_PHASE_STRIP = NO;
				DEBUG_INFORMATION_FORMAT = dwarf;
				ENABLE_STRICT_OBJC_MSGSEND = YES;
				ENABLE_TESTABILITY = YES;
				GCC_C_LANGUAGE_STANDARD = gnu99;
				GCC_DYNAMIC_NO_PIC = NO;
				GCC_NO_COMMON_BLOCKS = YES;
				GCC_OPTIMIZATION_LEVEL = 0;
				GCC_PREPROCESSOR_DEFINITIONS = (
					"DEBUG=1",
					"$(inherited)",
				);
				GCC_WARN_64_TO_32_BIT_CONVERSION = YES;
				GCC_WARN_ABOUT_RETURN_TYPE = YES_ERROR;
				GCC_WARN_UNDECLARED_SELECTOR = YES;
				GCC_WARN_UNINITIALIZED_AUTOS = YES_AGGRESSIVE;
				GCC_WARN_UNUSED_FUNCTION = YES;
				GCC_WARN_UNUSED_VARIABLE = YES;
				IPHONEOS_DEPLOYMENT_TARGET = 9.3;
				MTL_ENABLE_DEBUG_INFO = YES;
				ONLY_ACTIVE_ARCH = YES;
				SDKROOT = iphoneos;
				SWIFT_OPTIMIZATION_LEVEL = "-Onone";
			};
			name = Debug;
		};
		752CAB181CE358D50063E287 /* Release */ = {
			isa = XCBuildConfiguration;
			buildSettings = {
				ALWAYS_SEARCH_USER_PATHS = NO;
				CLANG_ANALYZER_NONNULL = YES;
				CLANG_CXX_LANGUAGE_STANDARD = "gnu++0x";
				CLANG_CXX_LIBRARY = "libc++";
				CLANG_ENABLE_MODULES = YES;
				CLANG_ENABLE_OBJC_ARC = YES;
				CLANG_WARN_BOOL_CONVERSION = YES;
				CLANG_WARN_CONSTANT_CONVERSION = YES;
				CLANG_WARN_DIRECT_OBJC_ISA_USAGE = YES_ERROR;
				CLANG_WARN_EMPTY_BODY = YES;
				CLANG_WARN_ENUM_CONVERSION = YES;
				CLANG_WARN_INT_CONVERSION = YES;
				CLANG_WARN_OBJC_ROOT_CLASS = YES_ERROR;
				CLANG_WARN_UNREACHABLE_CODE = YES;
				CLANG_WARN__DUPLICATE_METHOD_MATCH = YES;
				"CODE_SIGN_IDENTITY[sdk=iphoneos*]" = "iPhone Developer";
				COPY_PHASE_STRIP = NO;
				DEBUG_INFORMATION_FORMAT = "dwarf-with-dsym";
				ENABLE_NS_ASSERTIONS = NO;
				ENABLE_STRICT_OBJC_MSGSEND = YES;
				GCC_C_LANGUAGE_STANDARD = gnu99;
				GCC_NO_COMMON_BLOCKS = YES;
				GCC_WARN_64_TO_32_BIT_CONVERSION = YES;
				GCC_WARN_ABOUT_RETURN_TYPE = YES_ERROR;
				GCC_WARN_UNDECLARED_SELECTOR = YES;
				GCC_WARN_UNINITIALIZED_AUTOS = YES_AGGRESSIVE;
				GCC_WARN_UNUSED_FUNCTION = YES;
				GCC_WARN_UNUSED_VARIABLE = YES;
				IPHONEOS_DEPLOYMENT_TARGET = 9.3;
				MTL_ENABLE_DEBUG_INFO = NO;
				SDKROOT = iphoneos;
				VALIDATE_PRODUCT = YES;
			};
			name = Release;
		};
		752CAB1A1CE358D50063E287 /* Debug */ = {
			isa = XCBuildConfiguration;
			buildSettings = {
				ASSETCATALOG_COMPILER_APPICON_NAME = AppIcon;
				INFOPLIST_FILE = VirtualTourist/Info.plist;
				IPHONEOS_DEPLOYMENT_TARGET = 9.0;
				LD_RUNPATH_SEARCH_PATHS = "$(inherited) @executable_path/Frameworks";
				PRODUCT_BUNDLE_IDENTIFIER = com.ivanmagda.VirtualTourist;
				PRODUCT_NAME = "$(TARGET_NAME)";
			};
			name = Debug;
		};
		752CAB1B1CE358D50063E287 /* Release */ = {
			isa = XCBuildConfiguration;
			buildSettings = {
				ASSETCATALOG_COMPILER_APPICON_NAME = AppIcon;
				INFOPLIST_FILE = VirtualTourist/Info.plist;
				IPHONEOS_DEPLOYMENT_TARGET = 9.0;
				LD_RUNPATH_SEARCH_PATHS = "$(inherited) @executable_path/Frameworks";
				PRODUCT_BUNDLE_IDENTIFIER = com.ivanmagda.VirtualTourist;
				PRODUCT_NAME = "$(TARGET_NAME)";
			};
			name = Release;
		};
		752CAB1D1CE358D50063E287 /* Debug */ = {
			isa = XCBuildConfiguration;
			buildSettings = {
				BUNDLE_LOADER = "$(TEST_HOST)";
				INFOPLIST_FILE = VirtualTouristTests/Info.plist;
				LD_RUNPATH_SEARCH_PATHS = "$(inherited) @executable_path/Frameworks @loader_path/Frameworks";
				PRODUCT_BUNDLE_IDENTIFIER = com.ivanmagda.VirtualTouristTests;
				PRODUCT_NAME = "$(TARGET_NAME)";
				TEST_HOST = "$(BUILT_PRODUCTS_DIR)/VirtualTourist.app/VirtualTourist";
			};
			name = Debug;
		};
		752CAB1E1CE358D50063E287 /* Release */ = {
			isa = XCBuildConfiguration;
			buildSettings = {
				BUNDLE_LOADER = "$(TEST_HOST)";
				INFOPLIST_FILE = VirtualTouristTests/Info.plist;
				LD_RUNPATH_SEARCH_PATHS = "$(inherited) @executable_path/Frameworks @loader_path/Frameworks";
				PRODUCT_BUNDLE_IDENTIFIER = com.ivanmagda.VirtualTouristTests;
				PRODUCT_NAME = "$(TARGET_NAME)";
				TEST_HOST = "$(BUILT_PRODUCTS_DIR)/VirtualTourist.app/VirtualTourist";
			};
			name = Release;
		};
		752CAB201CE358D50063E287 /* Debug */ = {
			isa = XCBuildConfiguration;
			buildSettings = {
				INFOPLIST_FILE = VirtualTouristUITests/Info.plist;
				LD_RUNPATH_SEARCH_PATHS = "$(inherited) @executable_path/Frameworks @loader_path/Frameworks";
				PRODUCT_BUNDLE_IDENTIFIER = com.ivanmagda.VirtualTouristUITests;
				PRODUCT_NAME = "$(TARGET_NAME)";
				TEST_TARGET_NAME = VirtualTourist;
			};
			name = Debug;
		};
		752CAB211CE358D50063E287 /* Release */ = {
			isa = XCBuildConfiguration;
			buildSettings = {
				INFOPLIST_FILE = VirtualTouristUITests/Info.plist;
				LD_RUNPATH_SEARCH_PATHS = "$(inherited) @executable_path/Frameworks @loader_path/Frameworks";
				PRODUCT_BUNDLE_IDENTIFIER = com.ivanmagda.VirtualTouristUITests;
				PRODUCT_NAME = "$(TARGET_NAME)";
				TEST_TARGET_NAME = VirtualTourist;
			};
			name = Release;
		};
/* End XCBuildConfiguration section */

/* Begin XCConfigurationList section */
		752CAAE91CE358D40063E287 /* Build configuration list for PBXProject "VirtualTourist" */ = {
			isa = XCConfigurationList;
			buildConfigurations = (
				752CAB171CE358D50063E287 /* Debug */,
				752CAB181CE358D50063E287 /* Release */,
			);
			defaultConfigurationIsVisible = 0;
			defaultConfigurationName = Release;
		};
		752CAB191CE358D50063E287 /* Build configuration list for PBXNativeTarget "VirtualTourist" */ = {
			isa = XCConfigurationList;
			buildConfigurations = (
				752CAB1A1CE358D50063E287 /* Debug */,
				752CAB1B1CE358D50063E287 /* Release */,
			);
			defaultConfigurationIsVisible = 0;
			defaultConfigurationName = Release;
		};
		752CAB1C1CE358D50063E287 /* Build configuration list for PBXNativeTarget "VirtualTouristTests" */ = {
			isa = XCConfigurationList;
			buildConfigurations = (
				752CAB1D1CE358D50063E287 /* Debug */,
				752CAB1E1CE358D50063E287 /* Release */,
			);
			defaultConfigurationIsVisible = 0;
			defaultConfigurationName = Release;
		};
		752CAB1F1CE358D50063E287 /* Build configuration list for PBXNativeTarget "VirtualTouristUITests" */ = {
			isa = XCConfigurationList;
			buildConfigurations = (
				752CAB201CE358D50063E287 /* Debug */,
				752CAB211CE358D50063E287 /* Release */,
			);
			defaultConfigurationIsVisible = 0;
			defaultConfigurationName = Release;
		};
/* End XCConfigurationList section */

/* Begin XCVersionGroup section */
		752CAAF81CE358D50063E287 /* VirtualTourist.xcdatamodeld */ = {
			isa = XCVersionGroup;
			children = (
				752CAAF91CE358D50063E287 /* VirtualTourist.xcdatamodel */,
			);
			currentVersion = 752CAAF91CE358D50063E287 /* VirtualTourist.xcdatamodel */;
			path = VirtualTourist.xcdatamodeld;
			sourceTree = "<group>";
			versionGroupType = wrapper.xcdatamodel;
		};
/* End XCVersionGroup section */
	};
	rootObject = 752CAAE61CE358D40063E287 /* Project object */;
}
