// !$*UTF8*$!
{
	archiveVersion = 1;
	classes = {
	};
	objectVersion = 46;
	objects = {

/* Begin PBXBuildFile section */
		7500AFEE1C9E88130067DEAD /* AppDelegate.swift in Sources */ = {isa = PBXBuildFile; fileRef = 7500AFED1C9E88130067DEAD /* AppDelegate.swift */; };
		7500AFF01C9E88130067DEAD /* MapViewController.swift in Sources */ = {isa = PBXBuildFile; fileRef = 7500AFEF1C9E88130067DEAD /* MapViewController.swift */; };
		7500AFF21C9E88130067DEAD /* LocationsViewController.swift in Sources */ = {isa = PBXBuildFile; fileRef = 7500AFF11C9E88130067DEAD /* LocationsViewController.swift */; };
		7500AFF51C9E88130067DEAD /* Main.storyboard in Resources */ = {isa = PBXBuildFile; fileRef = 7500AFF31C9E88130067DEAD /* Main.storyboard */; };
		7500AFF71C9E88130067DEAD /* Assets.xcassets in Resources */ = {isa = PBXBuildFile; fileRef = 7500AFF61C9E88130067DEAD /* Assets.xcassets */; };
		7500AFFA1C9E88130067DEAD /* LaunchScreen.storyboard in Resources */ = {isa = PBXBuildFile; fileRef = 7500AFF81C9E88130067DEAD /* LaunchScreen.storyboard */; };
		7500B0051C9ECBB20067DEAD /* LoginViewController.swift in Sources */ = {isa = PBXBuildFile; fileRef = 7500B0041C9ECBB20067DEAD /* LoginViewController.swift */; };
		7500B0081C9ECC3C0067DEAD /* BorderedButton.swift in Sources */ = {isa = PBXBuildFile; fileRef = 7500B0061C9ECC3C0067DEAD /* BorderedButton.swift */; };
		7500B0091C9ECC3C0067DEAD /* GCDBlackBox.swift in Sources */ = {isa = PBXBuildFile; fileRef = 7500B0071C9ECC3C0067DEAD /* GCDBlackBox.swift */; };
		7500B0151C9EDFC30067DEAD /* ApiClient.swift in Sources */ = {isa = PBXBuildFile; fileRef = 7500B0131C9EDFC30067DEAD /* ApiClient.swift */; };
		7500B0161C9EDFC30067DEAD /* ApiClientResult.swift in Sources */ = {isa = PBXBuildFile; fileRef = 7500B0141C9EDFC30067DEAD /* ApiClientResult.swift */; };
		7500B01A1C9EDFFE0067DEAD /* JSON.swift in Sources */ = {isa = PBXBuildFile; fileRef = 7500B0191C9EDFFE0067DEAD /* JSON.swift */; };
		7500B01D1C9EE1720067DEAD /* JSONParselable.swift in Sources */ = {isa = PBXBuildFile; fileRef = 7500B01C1C9EE1720067DEAD /* JSONParselable.swift */; };
		7500B01F1C9EF85C0067DEAD /* UdacityApiClient.swift in Sources */ = {isa = PBXBuildFile; fileRef = 7500B01E1C9EF85C0067DEAD /* UdacityApiClient.swift */; };
		7500B0221C9EF9040067DEAD /* UdacityConstants.swift in Sources */ = {isa = PBXBuildFile; fileRef = 7500B0211C9EF9040067DEAD /* UdacityConstants.swift */; };
		7500B0241C9F15380067DEAD /* UdacityApiClientConvenience.swift in Sources */ = {isa = PBXBuildFile; fileRef = 7500B0231C9F15380067DEAD /* UdacityApiClientConvenience.swift */; };
		755D540C1C9FC57A0087D9F7 /* Constants.swift in Sources */ = {isa = PBXBuildFile; fileRef = 755D540B1C9FC57A0087D9F7 /* Constants.swift */; };
		756583761CA0093B0033326E /* UserAccountViewController.swift in Sources */ = {isa = PBXBuildFile; fileRef = 756583751CA0093B0033326E /* UserAccountViewController.swift */; };
		756583781CA029D40033326E /* StudentLocation.swift in Sources */ = {isa = PBXBuildFile; fileRef = 756583771CA029D40033326E /* StudentLocation.swift */; };
		7565837B1CA02C1B0033326E /* StudentLocation+JSONParselable.swift in Sources */ = {isa = PBXBuildFile; fileRef = 7565837A1CA02C1B0033326E /* StudentLocation+JSONParselable.swift */; };
		7565837D1CA02CCA0033326E /* StudentLocationKeys.swift in Sources */ = {isa = PBXBuildFile; fileRef = 7565837C1CA02CCA0033326E /* StudentLocationKeys.swift */; };
		756583811CA030E40033326E /* NSDate+FromString.swift in Sources */ = {isa = PBXBuildFile; fileRef = 756583801CA030E40033326E /* NSDate+FromString.swift */; };
		756583831CA0337C0033326E /* ParseApiClient.swift in Sources */ = {isa = PBXBuildFile; fileRef = 756583821CA0337C0033326E /* ParseApiClient.swift */; };
		756583851CA035A10033326E /* ParseConstants.swift in Sources */ = {isa = PBXBuildFile; fileRef = 756583841CA035A10033326E /* ParseConstants.swift */; };
/* End PBXBuildFile section */

/* Begin PBXFileReference section */
		7500AFEA1C9E88130067DEAD /* On the Map.app */ = {isa = PBXFileReference; explicitFileType = wrapper.application; includeInIndex = 0; path = "On the Map.app"; sourceTree = BUILT_PRODUCTS_DIR; };
		7500AFED1C9E88130067DEAD /* AppDelegate.swift */ = {isa = PBXFileReference; lastKnownFileType = sourcecode.swift; path = AppDelegate.swift; sourceTree = "<group>"; };
		7500AFEF1C9E88130067DEAD /* MapViewController.swift */ = {isa = PBXFileReference; lastKnownFileType = sourcecode.swift; path = MapViewController.swift; sourceTree = "<group>"; };
		7500AFF11C9E88130067DEAD /* LocationsViewController.swift */ = {isa = PBXFileReference; lastKnownFileType = sourcecode.swift; path = LocationsViewController.swift; sourceTree = "<group>"; };
		7500AFF41C9E88130067DEAD /* Base */ = {isa = PBXFileReference; lastKnownFileType = file.storyboard; name = Base; path = Base.lproj/Main.storyboard; sourceTree = "<group>"; };
		7500AFF61C9E88130067DEAD /* Assets.xcassets */ = {isa = PBXFileReference; lastKnownFileType = folder.assetcatalog; path = Assets.xcassets; sourceTree = "<group>"; };
		7500AFF91C9E88130067DEAD /* Base */ = {isa = PBXFileReference; lastKnownFileType = file.storyboard; name = Base; path = Base.lproj/LaunchScreen.storyboard; sourceTree = "<group>"; };
		7500AFFB1C9E88130067DEAD /* Info.plist */ = {isa = PBXFileReference; lastKnownFileType = text.plist.xml; path = Info.plist; sourceTree = "<group>"; };
		7500B0041C9ECBB20067DEAD /* LoginViewController.swift */ = {isa = PBXFileReference; fileEncoding = 4; lastKnownFileType = sourcecode.swift; path = LoginViewController.swift; sourceTree = "<group>"; };
		7500B0061C9ECC3C0067DEAD /* BorderedButton.swift */ = {isa = PBXFileReference; fileEncoding = 4; lastKnownFileType = sourcecode.swift; path = BorderedButton.swift; sourceTree = "<group>"; };
		7500B0071C9ECC3C0067DEAD /* GCDBlackBox.swift */ = {isa = PBXFileReference; fileEncoding = 4; lastKnownFileType = sourcecode.swift; path = GCDBlackBox.swift; sourceTree = "<group>"; };
		7500B0131C9EDFC30067DEAD /* ApiClient.swift */ = {isa = PBXFileReference; fileEncoding = 4; lastKnownFileType = sourcecode.swift; path = ApiClient.swift; sourceTree = "<group>"; };
		7500B0141C9EDFC30067DEAD /* ApiClientResult.swift */ = {isa = PBXFileReference; fileEncoding = 4; lastKnownFileType = sourcecode.swift; path = ApiClientResult.swift; sourceTree = "<group>"; };
		7500B0191C9EDFFE0067DEAD /* JSON.swift */ = {isa = PBXFileReference; fileEncoding = 4; lastKnownFileType = sourcecode.swift; path = JSON.swift; sourceTree = "<group>"; };
		7500B01C1C9EE1720067DEAD /* JSONParselable.swift */ = {isa = PBXFileReference; fileEncoding = 4; lastKnownFileType = sourcecode.swift; path = JSONParselable.swift; sourceTree = "<group>"; };
		7500B01E1C9EF85C0067DEAD /* UdacityApiClient.swift */ = {isa = PBXFileReference; fileEncoding = 4; lastKnownFileType = sourcecode.swift; path = UdacityApiClient.swift; sourceTree = "<group>"; };
		7500B0211C9EF9040067DEAD /* UdacityConstants.swift */ = {isa = PBXFileReference; fileEncoding = 4; lastKnownFileType = sourcecode.swift; path = UdacityConstants.swift; sourceTree = "<group>"; };
		7500B0231C9F15380067DEAD /* UdacityApiClientConvenience.swift */ = {isa = PBXFileReference; fileEncoding = 4; lastKnownFileType = sourcecode.swift; path = UdacityApiClientConvenience.swift; sourceTree = "<group>"; };
		755D540B1C9FC57A0087D9F7 /* Constants.swift */ = {isa = PBXFileReference; fileEncoding = 4; lastKnownFileType = sourcecode.swift; path = Constants.swift; sourceTree = "<group>"; };
		756583751CA0093B0033326E /* UserAccountViewController.swift */ = {isa = PBXFileReference; fileEncoding = 4; lastKnownFileType = sourcecode.swift; path = UserAccountViewController.swift; sourceTree = "<group>"; };
		756583771CA029D40033326E /* StudentLocation.swift */ = {isa = PBXFileReference; fileEncoding = 4; lastKnownFileType = sourcecode.swift; path = StudentLocation.swift; sourceTree = "<group>"; };
		7565837A1CA02C1B0033326E /* StudentLocation+JSONParselable.swift */ = {isa = PBXFileReference; fileEncoding = 4; lastKnownFileType = sourcecode.swift; path = "StudentLocation+JSONParselable.swift"; sourceTree = "<group>"; };
		7565837C1CA02CCA0033326E /* StudentLocationKeys.swift */ = {isa = PBXFileReference; fileEncoding = 4; lastKnownFileType = sourcecode.swift; path = StudentLocationKeys.swift; sourceTree = "<group>"; };
		756583801CA030E40033326E /* NSDate+FromString.swift */ = {isa = PBXFileReference; fileEncoding = 4; lastKnownFileType = sourcecode.swift; path = "NSDate+FromString.swift"; sourceTree = "<group>"; };
		756583821CA0337C0033326E /* ParseApiClient.swift */ = {isa = PBXFileReference; fileEncoding = 4; lastKnownFileType = sourcecode.swift; path = ParseApiClient.swift; sourceTree = "<group>"; };
		756583841CA035A10033326E /* ParseConstants.swift */ = {isa = PBXFileReference; fileEncoding = 4; lastKnownFileType = sourcecode.swift; path = ParseConstants.swift; sourceTree = "<group>"; };
/* End PBXFileReference section */

/* Begin PBXFrameworksBuildPhase section */
		7500AFE71C9E88130067DEAD /* Frameworks */ = {
			isa = PBXFrameworksBuildPhase;
			buildActionMask = 2147483647;
			files = (
			);
			runOnlyForDeploymentPostprocessing = 0;
		};
/* End PBXFrameworksBuildPhase section */

/* Begin PBXGroup section */
		7500AFE11C9E88130067DEAD = {
			isa = PBXGroup;
			children = (
				7500AFEC1C9E88130067DEAD /* On the Map */,
				7500AFEB1C9E88130067DEAD /* Products */,
			);
			sourceTree = "<group>";
		};
		7500AFEB1C9E88130067DEAD /* Products */ = {
			isa = PBXGroup;
			children = (
				7500AFEA1C9E88130067DEAD /* On the Map.app */,
			);
			name = Products;
			sourceTree = "<group>";
		};
		7500AFEC1C9E88130067DEAD /* On the Map */ = {
			isa = PBXGroup;
			children = (
				7500AFED1C9E88130067DEAD /* AppDelegate.swift */,
				7500B0171C9EDFCA0067DEAD /* Model */,
				7500B0031C9E88A70067DEAD /* Controllers */,
				756583861CA04CEE0033326E /* Utility */,
				7500B00A1C9ECC420067DEAD /* View */,
				7500B0011C9E888F0067DEAD /* Assets */,
				7500B0021C9E88980067DEAD /* Supporting Files */,
			);
			path = "On the Map";
			sourceTree = "<group>";
		};
		7500B0011C9E888F0067DEAD /* Assets */ = {
			isa = PBXGroup;
			children = (
				7500AFF31C9E88130067DEAD /* Main.storyboard */,
				7500AFF61C9E88130067DEAD /* Assets.xcassets */,
				7500AFF81C9E88130067DEAD /* LaunchScreen.storyboard */,
			);
			name = Assets;
			sourceTree = "<group>";
		};
		7500B0021C9E88980067DEAD /* Supporting Files */ = {
			isa = PBXGroup;
			children = (
				7500AFFB1C9E88130067DEAD /* Info.plist */,
			);
			name = "Supporting Files";
			sourceTree = "<group>";
		};
		7500B0031C9E88A70067DEAD /* Controllers */ = {
			isa = PBXGroup;
			children = (
				7500B0041C9ECBB20067DEAD /* LoginViewController.swift */,
				7500AFEF1C9E88130067DEAD /* MapViewController.swift */,
				7500AFF11C9E88130067DEAD /* LocationsViewController.swift */,
				756583751CA0093B0033326E /* UserAccountViewController.swift */,
			);
			name = Controllers;
			sourceTree = "<group>";
		};
		7500B00A1C9ECC420067DEAD /* View */ = {
			isa = PBXGroup;
			children = (
				7500B0061C9ECC3C0067DEAD /* BorderedButton.swift */,
			);
			name = View;
			sourceTree = "<group>";
		};
		7500B0171C9EDFCA0067DEAD /* Model */ = {
			isa = PBXGroup;
			children = (
				7500B01B1C9EE00E0067DEAD /* JSON */,
				7500B0181C9EDFD90067DEAD /* API */,
			);
			name = Model;
			sourceTree = "<group>";
		};
		7500B0181C9EDFD90067DEAD /* API */ = {
			isa = PBXGroup;
			children = (
				7500B0131C9EDFC30067DEAD /* ApiClient.swift */,
				7500B0141C9EDFC30067DEAD /* ApiClientResult.swift */,
				7500B0201C9EF8660067DEAD /* Udacity */,
				756583791CA029DB0033326E /* Parse */,
			);
			name = API;
			sourceTree = "<group>";
		};
		7500B01B1C9EE00E0067DEAD /* JSON */ = {
			isa = PBXGroup;
			children = (
				7500B0191C9EDFFE0067DEAD /* JSON.swift */,
				7500B01C1C9EE1720067DEAD /* JSONParselable.swift */,
			);
			name = JSON;
			sourceTree = "<group>";
		};
		7500B0201C9EF8660067DEAD /* Udacity */ = {
			isa = PBXGroup;
			children = (
				7500B01E1C9EF85C0067DEAD /* UdacityApiClient.swift */,
				7500B0231C9F15380067DEAD /* UdacityApiClientConvenience.swift */,
				7500B0211C9EF9040067DEAD /* UdacityConstants.swift */,
			);
			name = Udacity;
			sourceTree = "<group>";
		};
		756583791CA029DB0033326E /* Parse */ = {
			isa = PBXGroup;
			children = (
				756583821CA0337C0033326E /* ParseApiClient.swift */,
				756583841CA035A10033326E /* ParseConstants.swift */,
				756583771CA029D40033326E /* StudentLocation.swift */,
				7565837C1CA02CCA0033326E /* StudentLocationKeys.swift */,
				7565837A1CA02C1B0033326E /* StudentLocation+JSONParselable.swift */,
			);
			name = Parse;
			sourceTree = "<group>";
		};
		756583861CA04CEE0033326E /* Utility */ = {
			isa = PBXGroup;
			children = (
				7500B0071C9ECC3C0067DEAD /* GCDBlackBox.swift */,
				755D540B1C9FC57A0087D9F7 /* Constants.swift */,
				756583801CA030E40033326E /* NSDate+FromString.swift */,
			);
			name = Utility;
			sourceTree = "<group>";
		};
/* End PBXGroup section */

/* Begin PBXNativeTarget section */
		7500AFE91C9E88130067DEAD /* On the Map */ = {
			isa = PBXNativeTarget;
			buildConfigurationList = 7500AFFE1C9E88130067DEAD /* Build configuration list for PBXNativeTarget "On the Map" */;
			buildPhases = (
				7500AFE61C9E88130067DEAD /* Sources */,
				7500AFE71C9E88130067DEAD /* Frameworks */,
				7500AFE81C9E88130067DEAD /* Resources */,
			);
			buildRules = (
			);
			dependencies = (
			);
			name = "On the Map";
			productName = "On the Map";
			productReference = 7500AFEA1C9E88130067DEAD /* On the Map.app */;
			productType = "com.apple.product-type.application";
		};
/* End PBXNativeTarget section */

/* Begin PBXProject section */
		7500AFE21C9E88130067DEAD /* Project object */ = {
			isa = PBXProject;
			attributes = {
				LastSwiftUpdateCheck = 0720;
				LastUpgradeCheck = 0720;
				ORGANIZATIONNAME = "Ivan Magda";
				TargetAttributes = {
					7500AFE91C9E88130067DEAD = {
						CreatedOnToolsVersion = 7.2.1;
					};
				};
			};
			buildConfigurationList = 7500AFE51C9E88130067DEAD /* Build configuration list for PBXProject "On the Map" */;
			compatibilityVersion = "Xcode 3.2";
			developmentRegion = English;
			hasScannedForEncodings = 0;
			knownRegions = (
				en,
				Base,
			);
			mainGroup = 7500AFE11C9E88130067DEAD;
			productRefGroup = 7500AFEB1C9E88130067DEAD /* Products */;
			projectDirPath = "";
			projectRoot = "";
			targets = (
				7500AFE91C9E88130067DEAD /* On the Map */,
			);
		};
/* End PBXProject section */

/* Begin PBXResourcesBuildPhase section */
		7500AFE81C9E88130067DEAD /* Resources */ = {
			isa = PBXResourcesBuildPhase;
			buildActionMask = 2147483647;
			files = (
				7500AFFA1C9E88130067DEAD /* LaunchScreen.storyboard in Resources */,
				7500AFF71C9E88130067DEAD /* Assets.xcassets in Resources */,
				7500AFF51C9E88130067DEAD /* Main.storyboard in Resources */,
			);
			runOnlyForDeploymentPostprocessing = 0;
		};
/* End PBXResourcesBuildPhase section */

/* Begin PBXSourcesBuildPhase section */
		7500AFE61C9E88130067DEAD /* Sources */ = {
			isa = PBXSourcesBuildPhase;
			buildActionMask = 2147483647;
			files = (
				756583781CA029D40033326E /* StudentLocation.swift in Sources */,
				7500B0081C9ECC3C0067DEAD /* BorderedButton.swift in Sources */,
				7500B01A1C9EDFFE0067DEAD /* JSON.swift in Sources */,
				7500B0051C9ECBB20067DEAD /* LoginViewController.swift in Sources */,
				7500AFF21C9E88130067DEAD /* LocationsViewController.swift in Sources */,
				756583811CA030E40033326E /* NSDate+FromString.swift in Sources */,
				7500B0151C9EDFC30067DEAD /* ApiClient.swift in Sources */,
				756583761CA0093B0033326E /* UserAccountViewController.swift in Sources */,
				7500AFEE1C9E88130067DEAD /* AppDelegate.swift in Sources */,
				7500B01D1C9EE1720067DEAD /* JSONParselable.swift in Sources */,
				7500B0161C9EDFC30067DEAD /* ApiClientResult.swift in Sources */,
				7500B01F1C9EF85C0067DEAD /* UdacityApiClient.swift in Sources */,
				7500B0221C9EF9040067DEAD /* UdacityConstants.swift in Sources */,
				7565837D1CA02CCA0033326E /* StudentLocationKeys.swift in Sources */,
				7500B0241C9F15380067DEAD /* UdacityApiClientConvenience.swift in Sources */,
				756583831CA0337C0033326E /* ParseApiClient.swift in Sources */,
				755D540C1C9FC57A0087D9F7 /* Constants.swift in Sources */,
				7500B0091C9ECC3C0067DEAD /* GCDBlackBox.swift in Sources */,
				7500AFF01C9E88130067DEAD /* MapViewController.swift in Sources */,
				7565837B1CA02C1B0033326E /* StudentLocation+JSONParselable.swift in Sources */,
				756583851CA035A10033326E /* ParseConstants.swift in Sources */,
			);
			runOnlyForDeploymentPostprocessing = 0;
		};
/* End PBXSourcesBuildPhase section */

/* Begin PBXVariantGroup section */
		7500AFF31C9E88130067DEAD /* Main.storyboard */ = {
			isa = PBXVariantGroup;
			children = (
				7500AFF41C9E88130067DEAD /* Base */,
			);
			name = Main.storyboard;
			sourceTree = "<group>";
		};
		7500AFF81C9E88130067DEAD /* LaunchScreen.storyboard */ = {
			isa = PBXVariantGroup;
			children = (
				7500AFF91C9E88130067DEAD /* Base */,
			);
			name = LaunchScreen.storyboard;
			sourceTree = "<group>";
		};
/* End PBXVariantGroup section */

/* Begin XCBuildConfiguration section */
		7500AFFC1C9E88130067DEAD /* Debug */ = {
			isa = XCBuildConfiguration;
			buildSettings = {
				ALWAYS_SEARCH_USER_PATHS = NO;
				CLANG_CXX_LANGUAGE_STANDARD = "gnu++0x";
				CLANG_CXX_LIBRARY = "libc++";
				CLANG_ENABLE_MODULES = YES;
				CLANG_ENABLE_OBJC_ARC = YES;
				CLANG_WARN_BOOL_CONVERSION = YES;
				CLANG_WARN_CONSTANT_CONVERSION = YES;
				CLANG_WARN_DIRECT_OBJC_ISA_USAGE = YES_ERROR;
				CLANG_WARN_EMPTY_BODY = YES;
				CLANG_WARN_ENUM_CONVERSION = YES;
				CLANG_WARN_INT_CONVERSION = YES;
				CLANG_WARN_OBJC_ROOT_CLASS = YES_ERROR;
				CLANG_WARN_UNREACHABLE_CODE = YES;
				CLANG_WARN__DUPLICATE_METHOD_MATCH = YES;
				"CODE_SIGN_IDENTITY[sdk=iphoneos*]" = "iPhone Developer";
				COPY_PHASE_STRIP = NO;
				DEBUG_INFORMATION_FORMAT = dwarf;
				ENABLE_STRICT_OBJC_MSGSEND = YES;
				ENABLE_TESTABILITY = YES;
				GCC_C_LANGUAGE_STANDARD = gnu99;
				GCC_DYNAMIC_NO_PIC = NO;
				GCC_NO_COMMON_BLOCKS = YES;
				GCC_OPTIMIZATION_LEVEL = 0;
				GCC_PREPROCESSOR_DEFINITIONS = (
					"DEBUG=1",
					"$(inherited)",
				);
				GCC_WARN_64_TO_32_BIT_CONVERSION = YES;
				GCC_WARN_ABOUT_RETURN_TYPE = YES_ERROR;
				GCC_WARN_UNDECLARED_SELECTOR = YES;
				GCC_WARN_UNINITIALIZED_AUTOS = YES_AGGRESSIVE;
				GCC_WARN_UNUSED_FUNCTION = YES;
				GCC_WARN_UNUSED_VARIABLE = YES;
				IPHONEOS_DEPLOYMENT_TARGET = 9.2;
				MTL_ENABLE_DEBUG_INFO = YES;
				ONLY_ACTIVE_ARCH = YES;
				SDKROOT = iphoneos;
				SWIFT_OPTIMIZATION_LEVEL = "-Onone";
			};
			name = Debug;
		};
		7500AFFD1C9E88130067DEAD /* Release */ = {
			isa = XCBuildConfiguration;
			buildSettings = {
				ALWAYS_SEARCH_USER_PATHS = NO;
				CLANG_CXX_LANGUAGE_STANDARD = "gnu++0x";
				CLANG_CXX_LIBRARY = "libc++";
				CLANG_ENABLE_MODULES = YES;
				CLANG_ENABLE_OBJC_ARC = YES;
				CLANG_WARN_BOOL_CONVERSION = YES;
				CLANG_WARN_CONSTANT_CONVERSION = YES;
				CLANG_WARN_DIRECT_OBJC_ISA_USAGE = YES_ERROR;
				CLANG_WARN_EMPTY_BODY = YES;
				CLANG_WARN_ENUM_CONVERSION = YES;
				CLANG_WARN_INT_CONVERSION = YES;
				CLANG_WARN_OBJC_ROOT_CLASS = YES_ERROR;
				CLANG_WARN_UNREACHABLE_CODE = YES;
				CLANG_WARN__DUPLICATE_METHOD_MATCH = YES;
				"CODE_SIGN_IDENTITY[sdk=iphoneos*]" = "iPhone Developer";
				COPY_PHASE_STRIP = NO;
				DEBUG_INFORMATION_FORMAT = "dwarf-with-dsym";
				ENABLE_NS_ASSERTIONS = NO;
				ENABLE_STRICT_OBJC_MSGSEND = YES;
				GCC_C_LANGUAGE_STANDARD = gnu99;
				GCC_NO_COMMON_BLOCKS = YES;
				GCC_WARN_64_TO_32_BIT_CONVERSION = YES;
				GCC_WARN_ABOUT_RETURN_TYPE = YES_ERROR;
				GCC_WARN_UNDECLARED_SELECTOR = YES;
				GCC_WARN_UNINITIALIZED_AUTOS = YES_AGGRESSIVE;
				GCC_WARN_UNUSED_FUNCTION = YES;
				GCC_WARN_UNUSED_VARIABLE = YES;
				IPHONEOS_DEPLOYMENT_TARGET = 9.2;
				MTL_ENABLE_DEBUG_INFO = NO;
				SDKROOT = iphoneos;
				VALIDATE_PRODUCT = YES;
			};
			name = Release;
		};
		7500AFFF1C9E88130067DEAD /* Debug */ = {
			isa = XCBuildConfiguration;
			buildSettings = {
				ASSETCATALOG_COMPILER_APPICON_NAME = AppIcon;
				INFOPLIST_FILE = "On the Map/Info.plist";
				LD_RUNPATH_SEARCH_PATHS = "$(inherited) @executable_path/Frameworks";
				PRODUCT_BUNDLE_IDENTIFIER = "com.ivanmagda.On-the-Map";
				PRODUCT_NAME = "$(TARGET_NAME)";
			};
			name = Debug;
		};
		7500B0001C9E88130067DEAD /* Release */ = {
			isa = XCBuildConfiguration;
			buildSettings = {
				ASSETCATALOG_COMPILER_APPICON_NAME = AppIcon;
				INFOPLIST_FILE = "On the Map/Info.plist";
				LD_RUNPATH_SEARCH_PATHS = "$(inherited) @executable_path/Frameworks";
				PRODUCT_BUNDLE_IDENTIFIER = "com.ivanmagda.On-the-Map";
				PRODUCT_NAME = "$(TARGET_NAME)";
			};
			name = Release;
		};
/* End XCBuildConfiguration section */

/* Begin XCConfigurationList section */
		7500AFE51C9E88130067DEAD /* Build configuration list for PBXProject "On the Map" */ = {
			isa = XCConfigurationList;
			buildConfigurations = (
				7500AFFC1C9E88130067DEAD /* Debug */,
				7500AFFD1C9E88130067DEAD /* Release */,
			);
			defaultConfigurationIsVisible = 0;
			defaultConfigurationName = Release;
		};
		7500AFFE1C9E88130067DEAD /* Build configuration list for PBXNativeTarget "On the Map" */ = {
			isa = XCConfigurationList;
			buildConfigurations = (
				7500AFFF1C9E88130067DEAD /* Debug */,
				7500B0001C9E88130067DEAD /* Release */,
			);
			defaultConfigurationIsVisible = 0;
			defaultConfigurationName = Release;
		};
/* End XCConfigurationList section */
	};
	rootObject = 7500AFE21C9E88130067DEAD /* Project object */;
}
