// !$*UTF8*$!
{
	archiveVersion = 1;
	classes = {
	};
	objectVersion = 46;
	objects = {

/* Begin PBXBuildFile section */
		7500AFEE1C9E88130067DEAD /* AppDelegate.swift in Sources */ = {isa = PBXBuildFile; fileRef = 7500AFED1C9E88130067DEAD /* AppDelegate.swift */; };
		7500AFF01C9E88130067DEAD /* MapViewController.swift in Sources */ = {isa = PBXBuildFile; fileRef = 7500AFEF1C9E88130067DEAD /* MapViewController.swift */; };
		7500AFF21C9E88130067DEAD /* LocationsViewController.swift in Sources */ = {isa = PBXBuildFile; fileRef = 7500AFF11C9E88130067DEAD /* LocationsViewController.swift */; };
		7500AFF51C9E88130067DEAD /* Main.storyboard in Resources */ = {isa = PBXBuildFile; fileRef = 7500AFF31C9E88130067DEAD /* Main.storyboard */; };
		7500AFF71C9E88130067DEAD /* Assets.xcassets in Resources */ = {isa = PBXBuildFile; fileRef = 7500AFF61C9E88130067DEAD /* Assets.xcassets */; };
		7500AFFA1C9E88130067DEAD /* LaunchScreen.storyboard in Resources */ = {isa = PBXBuildFile; fileRef = 7500AFF81C9E88130067DEAD /* LaunchScreen.storyboard */; };
		7500B0051C9ECBB20067DEAD /* LoginViewController.swift in Sources */ = {isa = PBXBuildFile; fileRef = 7500B0041C9ECBB20067DEAD /* LoginViewController.swift */; };
		7500B0081C9ECC3C0067DEAD /* BorderedButton.swift in Sources */ = {isa = PBXBuildFile; fileRef = 7500B0061C9ECC3C0067DEAD /* BorderedButton.swift */; };
		7500B0091C9ECC3C0067DEAD /* GCDBlackBox.swift in Sources */ = {isa = PBXBuildFile; fileRef = 7500B0071C9ECC3C0067DEAD /* GCDBlackBox.swift */; };
		7500B0151C9EDFC30067DEAD /* HttpApiClient.swift in Sources */ = {isa = PBXBuildFile; fileRef = 7500B0131C9EDFC30067DEAD /* HttpApiClient.swift */; };
		7500B0161C9EDFC30067DEAD /* ApiClientResult.swift in Sources */ = {isa = PBXBuildFile; fileRef = 7500B0141C9EDFC30067DEAD /* ApiClientResult.swift */; };
		7500B01A1C9EDFFE0067DEAD /* JSON.swift in Sources */ = {isa = PBXBuildFile; fileRef = 7500B0191C9EDFFE0067DEAD /* JSON.swift */; };
		7500B01D1C9EE1720067DEAD /* JSONParselable.swift in Sources */ = {isa = PBXBuildFile; fileRef = 7500B01C1C9EE1720067DEAD /* JSONParselable.swift */; };
		7500B01F1C9EF85C0067DEAD /* UdacityApiClient.swift in Sources */ = {isa = PBXBuildFile; fileRef = 7500B01E1C9EF85C0067DEAD /* UdacityApiClient.swift */; };
		7500B0221C9EF9040067DEAD /* UdacityConstants.swift in Sources */ = {isa = PBXBuildFile; fileRef = 7500B0211C9EF9040067DEAD /* UdacityConstants.swift */; };
		7500B0241C9F15380067DEAD /* UdacityApiClientConvenience.swift in Sources */ = {isa = PBXBuildFile; fileRef = 7500B0231C9F15380067DEAD /* UdacityApiClientConvenience.swift */; };
		7501224B1CD467FE002015C5 /* StudentLocationAnnotation.swift in Sources */ = {isa = PBXBuildFile; fileRef = 7501224A1CD467FE002015C5 /* StudentLocationAnnotation.swift */; };
		754B406A1CD30A0000E3B889 /* FBSDKCoreKit.framework in Frameworks */ = {isa = PBXBuildFile; fileRef = 754B40691CD30A0000E3B889 /* FBSDKCoreKit.framework */; };
		754B406D1CD30CCD00E3B889 /* Bolts.framework in Frameworks */ = {isa = PBXBuildFile; fileRef = 754B406B1CD30CCD00E3B889 /* Bolts.framework */; };
		754B406E1CD30CCD00E3B889 /* FBSDKLoginKit.framework in Frameworks */ = {isa = PBXBuildFile; fileRef = 754B406C1CD30CCD00E3B889 /* FBSDKLoginKit.framework */; };
		755D540C1C9FC57A0087D9F7 /* ErrorUtils.swift in Sources */ = {isa = PBXBuildFile; fileRef = 755D540B1C9FC57A0087D9F7 /* ErrorUtils.swift */; };
		756583761CA0093B0033326E /* UserAccountViewController.swift in Sources */ = {isa = PBXBuildFile; fileRef = 756583751CA0093B0033326E /* UserAccountViewController.swift */; };
		756583781CA029D40033326E /* StudentLocation.swift in Sources */ = {isa = PBXBuildFile; fileRef = 756583771CA029D40033326E /* StudentLocation.swift */; };
		7565837D1CA02CCA0033326E /* StudentLocationKey.swift in Sources */ = {isa = PBXBuildFile; fileRef = 7565837C1CA02CCA0033326E /* StudentLocationKey.swift */; };
		756583811CA030E40033326E /* NSDate+FromString.swift in Sources */ = {isa = PBXBuildFile; fileRef = 756583801CA030E40033326E /* NSDate+FromString.swift */; };
		756583831CA0337C0033326E /* ParseApiClient.swift in Sources */ = {isa = PBXBuildFile; fileRef = 756583821CA0337C0033326E /* ParseApiClient.swift */; };
		756583851CA035A10033326E /* ParseConstants.swift in Sources */ = {isa = PBXBuildFile; fileRef = 756583841CA035A10033326E /* ParseConstants.swift */; };
		756B8BCA1CA0DF5C009C7355 /* User.swift in Sources */ = {isa = PBXBuildFile; fileRef = 756B8BC91CA0DF5C009C7355 /* User.swift */; };
		756B8BCC1CA0E49E009C7355 /* UserKey.swift in Sources */ = {isa = PBXBuildFile; fileRef = 756B8BCB1CA0E49E009C7355 /* UserKey.swift */; };
		756B8BCE1CA0E5A9009C7355 /* User+JSONParselable.swift in Sources */ = {isa = PBXBuildFile; fileRef = 756B8BCD1CA0E5A9009C7355 /* User+JSONParselable.swift */; };
		7571C4D71CD1B459001B4F03 /* UdacityUserSession.swift in Sources */ = {isa = PBXBuildFile; fileRef = 7571C4D61CD1B459001B4F03 /* UdacityUserSession.swift */; };
		7571C4D91CD1D2CD001B4F03 /* UIUtility.swift in Sources */ = {isa = PBXBuildFile; fileRef = 7571C4D81CD1D2CD001B4F03 /* UIUtility.swift */; };
		7571C4DB1CD23D9B001B4F03 /* Constants.swift in Sources */ = {isa = PBXBuildFile; fileRef = 7571C4DA1CD23D9B001B4F03 /* Constants.swift */; };
		758794A21CA10FC200E8B10E /* Alertable.swift in Sources */ = {isa = PBXBuildFile; fileRef = 758794A11CA10FC200E8B10E /* Alertable.swift */; };
		758794A81CA115DF00E8B10E /* GeoLocation.swift in Sources */ = {isa = PBXBuildFile; fileRef = 758794A71CA115DF00E8B10E /* GeoLocation.swift */; };
		75C84D711CA1883300B14210 /* SubmitLocationView.xib in Resources */ = {isa = PBXBuildFile; fileRef = 75C84D701CA1883300B14210 /* SubmitLocationView.xib */; };
		75C84D731CA18BC600B14210 /* SubmitLocationView.swift in Sources */ = {isa = PBXBuildFile; fileRef = 75C84D721CA18BC600B14210 /* SubmitLocationView.swift */; };
		75C84D751CA1B97500B14210 /* UserTableViewCell.swift in Sources */ = {isa = PBXBuildFile; fileRef = 75C84D741CA1B97500B14210 /* UserTableViewCell.swift */; };
		75E3655B1CCF0A9D00881975 /* JsonApiClient.swift in Sources */ = {isa = PBXBuildFile; fileRef = 75E3655A1CCF0A9D00881975 /* JsonApiClient.swift */; };
		75EAE52F1CD0FFEC003F682F /* HttpMethodName.swift in Sources */ = {isa = PBXBuildFile; fileRef = 75EAE52E1CD0FFEC003F682F /* HttpMethodName.swift */; };
		75FCED611CA12A3F00C3DD98 /* ManageLocationViewController.swift in Sources */ = {isa = PBXBuildFile; fileRef = 75FCED601CA12A3F00C3DD98 /* ManageLocationViewController.swift */; };
/* End PBXBuildFile section */

/* Begin PBXFileReference section */
		7500AFEA1C9E88130067DEAD /* On the Map.app */ = {isa = PBXFileReference; explicitFileType = wrapper.application; includeInIndex = 0; path = "On the Map.app"; sourceTree = BUILT_PRODUCTS_DIR; };
		7500AFED1C9E88130067DEAD /* AppDelegate.swift */ = {isa = PBXFileReference; lastKnownFileType = sourcecode.swift; path = AppDelegate.swift; sourceTree = "<group>"; };
		7500AFEF1C9E88130067DEAD /* MapViewController.swift */ = {isa = PBXFileReference; lastKnownFileType = sourcecode.swift; path = MapViewController.swift; sourceTree = "<group>"; };
		7500AFF11C9E88130067DEAD /* LocationsViewController.swift */ = {isa = PBXFileReference; lastKnownFileType = sourcecode.swift; path = LocationsViewController.swift; sourceTree = "<group>"; };
		7500AFF41C9E88130067DEAD /* Base */ = {isa = PBXFileReference; lastKnownFileType = file.storyboard; name = Base; path = Base.lproj/Main.storyboard; sourceTree = "<group>"; };
		7500AFF61C9E88130067DEAD /* Assets.xcassets */ = {isa = PBXFileReference; lastKnownFileType = folder.assetcatalog; path = Assets.xcassets; sourceTree = "<group>"; };
		7500AFF91C9E88130067DEAD /* Base */ = {isa = PBXFileReference; lastKnownFileType = file.storyboard; name = Base; path = Base.lproj/LaunchScreen.storyboard; sourceTree = "<group>"; };
		7500AFFB1C9E88130067DEAD /* Info.plist */ = {isa = PBXFileReference; lastKnownFileType = text.plist.xml; path = Info.plist; sourceTree = "<group>"; };
		7500B0041C9ECBB20067DEAD /* LoginViewController.swift */ = {isa = PBXFileReference; fileEncoding = 4; lastKnownFileType = sourcecode.swift; path = LoginViewController.swift; sourceTree = "<group>"; };
		7500B0061C9ECC3C0067DEAD /* BorderedButton.swift */ = {isa = PBXFileReference; fileEncoding = 4; lastKnownFileType = sourcecode.swift; path = BorderedButton.swift; sourceTree = "<group>"; };
		7500B0071C9ECC3C0067DEAD /* GCDBlackBox.swift */ = {isa = PBXFileReference; fileEncoding = 4; lastKnownFileType = sourcecode.swift; path = GCDBlackBox.swift; sourceTree = "<group>"; };
		7500B0131C9EDFC30067DEAD /* HttpApiClient.swift */ = {isa = PBXFileReference; fileEncoding = 4; lastKnownFileType = sourcecode.swift; path = HttpApiClient.swift; sourceTree = "<group>"; };
		7500B0141C9EDFC30067DEAD /* ApiClientResult.swift */ = {isa = PBXFileReference; fileEncoding = 4; lastKnownFileType = sourcecode.swift; path = ApiClientResult.swift; sourceTree = "<group>"; };
		7500B0191C9EDFFE0067DEAD /* JSON.swift */ = {isa = PBXFileReference; fileEncoding = 4; lastKnownFileType = sourcecode.swift; path = JSON.swift; sourceTree = "<group>"; };
		7500B01C1C9EE1720067DEAD /* JSONParselable.swift */ = {isa = PBXFileReference; fileEncoding = 4; lastKnownFileType = sourcecode.swift; path = JSONParselable.swift; sourceTree = "<group>"; };
		7500B01E1C9EF85C0067DEAD /* UdacityApiClient.swift */ = {isa = PBXFileReference; fileEncoding = 4; lastKnownFileType = sourcecode.swift; path = UdacityApiClient.swift; sourceTree = "<group>"; };
		7500B0211C9EF9040067DEAD /* UdacityConstants.swift */ = {isa = PBXFileReference; fileEncoding = 4; lastKnownFileType = sourcecode.swift; path = UdacityConstants.swift; sourceTree = "<group>"; };
		7500B0231C9F15380067DEAD /* UdacityApiClientConvenience.swift */ = {isa = PBXFileReference; fileEncoding = 4; lastKnownFileType = sourcecode.swift; path = UdacityApiClientConvenience.swift; sourceTree = "<group>"; };
		7501224A1CD467FE002015C5 /* StudentLocationAnnotation.swift */ = {isa = PBXFileReference; fileEncoding = 4; lastKnownFileType = sourcecode.swift; path = StudentLocationAnnotation.swift; sourceTree = "<group>"; };
		754B40691CD30A0000E3B889 /* FBSDKCoreKit.framework */ = {isa = PBXFileReference; lastKnownFileType = wrapper.framework; name = FBSDKCoreKit.framework; path = ../../../../../../Documents/FacebookSDK/FBSDKCoreKit.framework; sourceTree = "<group>"; };
		754B406B1CD30CCD00E3B889 /* Bolts.framework */ = {isa = PBXFileReference; lastKnownFileType = wrapper.framework; name = Bolts.framework; path = ../../../../../../Documents/FacebookSDK/Bolts.framework; sourceTree = "<group>"; };
		754B406C1CD30CCD00E3B889 /* FBSDKLoginKit.framework */ = {isa = PBXFileReference; lastKnownFileType = wrapper.framework; name = FBSDKLoginKit.framework; path = ../../../../../../Documents/FacebookSDK/FBSDKLoginKit.framework; sourceTree = "<group>"; };
		755D540B1C9FC57A0087D9F7 /* ErrorUtils.swift */ = {isa = PBXFileReference; fileEncoding = 4; lastKnownFileType = sourcecode.swift; path = ErrorUtils.swift; sourceTree = "<group>"; };
		756583751CA0093B0033326E /* UserAccountViewController.swift */ = {isa = PBXFileReference; fileEncoding = 4; lastKnownFileType = sourcecode.swift; path = UserAccountViewController.swift; sourceTree = "<group>"; };
		756583771CA029D40033326E /* StudentLocation.swift */ = {isa = PBXFileReference; fileEncoding = 4; lastKnownFileType = sourcecode.swift; path = StudentLocation.swift; sourceTree = "<group>"; };
		7565837C1CA02CCA0033326E /* StudentLocationKey.swift */ = {isa = PBXFileReference; fileEncoding = 4; lastKnownFileType = sourcecode.swift; path = StudentLocationKey.swift; sourceTree = "<group>"; };
		756583801CA030E40033326E /* NSDate+FromString.swift */ = {isa = PBXFileReference; fileEncoding = 4; lastKnownFileType = sourcecode.swift; path = "NSDate+FromString.swift"; sourceTree = "<group>"; };
		756583821CA0337C0033326E /* ParseApiClient.swift */ = {isa = PBXFileReference; fileEncoding = 4; lastKnownFileType = sourcecode.swift; path = ParseApiClient.swift; sourceTree = "<group>"; };
		756583841CA035A10033326E /* ParseConstants.swift */ = {isa = PBXFileReference; fileEncoding = 4; lastKnownFileType = sourcecode.swift; path = ParseConstants.swift; sourceTree = "<group>"; };
		756B8BC91CA0DF5C009C7355 /* User.swift */ = {isa = PBXFileReference; fileEncoding = 4; lastKnownFileType = sourcecode.swift; path = User.swift; sourceTree = "<group>"; };
		756B8BCB1CA0E49E009C7355 /* UserKey.swift */ = {isa = PBXFileReference; fileEncoding = 4; lastKnownFileType = sourcecode.swift; path = UserKey.swift; sourceTree = "<group>"; };
		756B8BCD1CA0E5A9009C7355 /* User+JSONParselable.swift */ = {isa = PBXFileReference; fileEncoding = 4; lastKnownFileType = sourcecode.swift; path = "User+JSONParselable.swift"; sourceTree = "<group>"; };
		7571C4D61CD1B459001B4F03 /* UdacityUserSession.swift */ = {isa = PBXFileReference; fileEncoding = 4; lastKnownFileType = sourcecode.swift; path = UdacityUserSession.swift; sourceTree = "<group>"; };
		7571C4D81CD1D2CD001B4F03 /* UIUtility.swift */ = {isa = PBXFileReference; fileEncoding = 4; lastKnownFileType = sourcecode.swift; path = UIUtility.swift; sourceTree = "<group>"; };
		7571C4DA1CD23D9B001B4F03 /* Constants.swift */ = {isa = PBXFileReference; fileEncoding = 4; lastKnownFileType = sourcecode.swift; path = Constants.swift; sourceTree = "<group>"; };
		758794A11CA10FC200E8B10E /* Alertable.swift */ = {isa = PBXFileReference; fileEncoding = 4; lastKnownFileType = sourcecode.swift; path = Alertable.swift; sourceTree = "<group>"; };
		758794A71CA115DF00E8B10E /* GeoLocation.swift */ = {isa = PBXFileReference; fileEncoding = 4; lastKnownFileType = sourcecode.swift; path = GeoLocation.swift; sourceTree = "<group>"; };
		75C84D701CA1883300B14210 /* SubmitLocationView.xib */ = {isa = PBXFileReference; fileEncoding = 4; lastKnownFileType = file.xib; path = SubmitLocationView.xib; sourceTree = "<group>"; };
		75C84D721CA18BC600B14210 /* SubmitLocationView.swift */ = {isa = PBXFileReference; fileEncoding = 4; lastKnownFileType = sourcecode.swift; path = SubmitLocationView.swift; sourceTree = "<group>"; };
		75C84D741CA1B97500B14210 /* UserTableViewCell.swift */ = {isa = PBXFileReference; fileEncoding = 4; lastKnownFileType = sourcecode.swift; path = UserTableViewCell.swift; sourceTree = "<group>"; };
		75E3655A1CCF0A9D00881975 /* JsonApiClient.swift */ = {isa = PBXFileReference; fileEncoding = 4; lastKnownFileType = sourcecode.swift; path = JsonApiClient.swift; sourceTree = "<group>"; };
		75EAE52E1CD0FFEC003F682F /* HttpMethodName.swift */ = {isa = PBXFileReference; fileEncoding = 4; lastKnownFileType = sourcecode.swift; path = HttpMethodName.swift; sourceTree = "<group>"; };
		75FCED601CA12A3F00C3DD98 /* ManageLocationViewController.swift */ = {isa = PBXFileReference; fileEncoding = 4; lastKnownFileType = sourcecode.swift; path = ManageLocationViewController.swift; sourceTree = "<group>"; };
/* End PBXFileReference section */

/* Begin PBXFrameworksBuildPhase section */
		7500AFE71C9E88130067DEAD /* Frameworks */ = {
			isa = PBXFrameworksBuildPhase;
			buildActionMask = 2147483647;
			files = (
				754B406A1CD30A0000E3B889 /* FBSDKCoreKit.framework in Frameworks */,
				754B406D1CD30CCD00E3B889 /* Bolts.framework in Frameworks */,
				754B406E1CD30CCD00E3B889 /* FBSDKLoginKit.framework in Frameworks */,
			);
			runOnlyForDeploymentPostprocessing = 0;
		};
/* End PBXFrameworksBuildPhase section */

/* Begin PBXGroup section */
		7500AFE11C9E88130067DEAD = {
			isa = PBXGroup;
			children = (
				7500AFEC1C9E88130067DEAD /* On the Map */,
				7500AFEB1C9E88130067DEAD /* Products */,
			);
			sourceTree = "<group>";
		};
		7500AFEB1C9E88130067DEAD /* Products */ = {
			isa = PBXGroup;
			children = (
				7500AFEA1C9E88130067DEAD /* On the Map.app */,
			);
			name = Products;
			sourceTree = "<group>";
		};
		7500AFEC1C9E88130067DEAD /* On the Map */ = {
			isa = PBXGroup;
			children = (
				75ABEE741CCE4A9400CCB9DB /* AppDelegate */,
				7500B0181C9EDFD90067DEAD /* API */,
				7500B0171C9EDFCA0067DEAD /* Model */,
				75ABEE751CCE4B5E00CCB9DB /* UI */,
				756583861CA04CEE0033326E /* Utility */,
				7500B0021C9E88980067DEAD /* Supporting Files */,
				754B40681CD3098000E3B889 /* Frameworks */,
			);
			path = "On the Map";
			sourceTree = "<group>";
		};
		7500B0011C9E888F0067DEAD /* Assets */ = {
			isa = PBXGroup;
			children = (
				7500AFF31C9E88130067DEAD /* Main.storyboard */,
				7500AFF81C9E88130067DEAD /* LaunchScreen.storyboard */,
				7500AFF61C9E88130067DEAD /* Assets.xcassets */,
			);
			name = Assets;
			sourceTree = "<group>";
		};
		7500B0021C9E88980067DEAD /* Supporting Files */ = {
			isa = PBXGroup;
			children = (
				7500AFFB1C9E88130067DEAD /* Info.plist */,
			);
			name = "Supporting Files";
			sourceTree = "<group>";
		};
		7500B0031C9E88A70067DEAD /* Controllers */ = {
			isa = PBXGroup;
			children = (
				7500B0041C9ECBB20067DEAD /* LoginViewController.swift */,
				7500AFEF1C9E88130067DEAD /* MapViewController.swift */,
				7500AFF11C9E88130067DEAD /* LocationsViewController.swift */,
				756583751CA0093B0033326E /* UserAccountViewController.swift */,
				75FCED601CA12A3F00C3DD98 /* ManageLocationViewController.swift */,
			);
			name = Controllers;
			sourceTree = "<group>";
		};
		7500B00A1C9ECC420067DEAD /* View */ = {
			isa = PBXGroup;
			children = (
				75ABEE781CCE4BB900CCB9DB /* SubmitLocationView */,
				75C84D741CA1B97500B14210 /* UserTableViewCell.swift */,
				7500B0061C9ECC3C0067DEAD /* BorderedButton.swift */,
			);
			name = View;
			sourceTree = "<group>";
		};
		7500B0171C9EDFCA0067DEAD /* Model */ = {
			isa = PBXGroup;
			children = (
				7500B01B1C9EE00E0067DEAD /* JSON */,
				758794A61CA1119800E8B10E /* User */,
				758794A51CA1118900E8B10E /* StudentLocation */,
				7501224A1CD467FE002015C5 /* StudentLocationAnnotation.swift */,
				7571C4D61CD1B459001B4F03 /* UdacityUserSession.swift */,
				758794A71CA115DF00E8B10E /* GeoLocation.swift */,
				758794A11CA10FC200E8B10E /* Alertable.swift */,
			);
			name = Model;
			sourceTree = "<group>";
		};
		7500B0181C9EDFD90067DEAD /* API */ = {
			isa = PBXGroup;
			children = (
				75EAE5301CD105F8003F682F /* Clients */,
				7500B0141C9EDFC30067DEAD /* ApiClientResult.swift */,
				75EAE52E1CD0FFEC003F682F /* HttpMethodName.swift */,
			);
			name = API;
			sourceTree = "<group>";
		};
		7500B01B1C9EE00E0067DEAD /* JSON */ = {
			isa = PBXGroup;
			children = (
				7500B0191C9EDFFE0067DEAD /* JSON.swift */,
				7500B01C1C9EE1720067DEAD /* JSONParselable.swift */,
			);
			name = JSON;
			sourceTree = "<group>";
		};
		7500B0201C9EF8660067DEAD /* Udacity */ = {
			isa = PBXGroup;
			children = (
				7500B01E1C9EF85C0067DEAD /* UdacityApiClient.swift */,
				7500B0231C9F15380067DEAD /* UdacityApiClientConvenience.swift */,
				7500B0211C9EF9040067DEAD /* UdacityConstants.swift */,
			);
			name = Udacity;
			sourceTree = "<group>";
		};
		754B40681CD3098000E3B889 /* Frameworks */ = {
			isa = PBXGroup;
			children = (
				754B406B1CD30CCD00E3B889 /* Bolts.framework */,
				754B406C1CD30CCD00E3B889 /* FBSDKLoginKit.framework */,
				754B40691CD30A0000E3B889 /* FBSDKCoreKit.framework */,
			);
			name = Frameworks;
			sourceTree = "<group>";
		};
		756583791CA029DB0033326E /* Parse */ = {
			isa = PBXGroup;
			children = (
				756583821CA0337C0033326E /* ParseApiClient.swift */,
				756583841CA035A10033326E /* ParseConstants.swift */,
			);
			name = Parse;
			sourceTree = "<group>";
		};
		756583861CA04CEE0033326E /* Utility */ = {
			isa = PBXGroup;
			children = (
				7500B0071C9ECC3C0067DEAD /* GCDBlackBox.swift */,
				7571C4DA1CD23D9B001B4F03 /* Constants.swift */,
				755D540B1C9FC57A0087D9F7 /* ErrorUtils.swift */,
				7571C4D81CD1D2CD001B4F03 /* UIUtility.swift */,
				756583801CA030E40033326E /* NSDate+FromString.swift */,
			);
			name = Utility;
			sourceTree = "<group>";
		};
		758794A51CA1118900E8B10E /* StudentLocation */ = {
			isa = PBXGroup;
			children = (
				756583771CA029D40033326E /* StudentLocation.swift */,
				7565837C1CA02CCA0033326E /* StudentLocationKey.swift */,
			);
			name = StudentLocation;
			sourceTree = "<group>";
		};
		758794A61CA1119800E8B10E /* User */ = {
			isa = PBXGroup;
			children = (
				756B8BC91CA0DF5C009C7355 /* User.swift */,
				756B8BCB1CA0E49E009C7355 /* UserKey.swift */,
				756B8BCD1CA0E5A9009C7355 /* User+JSONParselable.swift */,
			);
			name = User;
			sourceTree = "<group>";
		};
		75ABEE741CCE4A9400CCB9DB /* AppDelegate */ = {
			isa = PBXGroup;
			children = (
				7500AFED1C9E88130067DEAD /* AppDelegate.swift */,
			);
			name = AppDelegate;
			sourceTree = "<group>";
		};
		75ABEE751CCE4B5E00CCB9DB /* UI */ = {
			isa = PBXGroup;
			children = (
				7500B0031C9E88A70067DEAD /* Controllers */,
				7500B00A1C9ECC420067DEAD /* View */,
				7500B0011C9E888F0067DEAD /* Assets */,
			);
			name = UI;
			sourceTree = "<group>";
		};
		75ABEE781CCE4BB900CCB9DB /* SubmitLocationView */ = {
			isa = PBXGroup;
			children = (
				75C84D721CA18BC600B14210 /* SubmitLocationView.swift */,
				75C84D701CA1883300B14210 /* SubmitLocationView.xib */,
			);
			name = SubmitLocationView;
			sourceTree = "<group>";
		};
		75EAE5301CD105F8003F682F /* Clients */ = {
			isa = PBXGroup;
			children = (
				7500B0131C9EDFC30067DEAD /* HttpApiClient.swift */,
				75E3655A1CCF0A9D00881975 /* JsonApiClient.swift */,
				7500B0201C9EF8660067DEAD /* Udacity */,
				756583791CA029DB0033326E /* Parse */,
			);
			name = Clients;
			sourceTree = "<group>";
		};
/* End PBXGroup section */

/* Begin PBXNativeTarget section */
		7500AFE91C9E88130067DEAD /* On the Map */ = {
			isa = PBXNativeTarget;
			buildConfigurationList = 7500AFFE1C9E88130067DEAD /* Build configuration list for PBXNativeTarget "On the Map" */;
			buildPhases = (
				7500AFE61C9E88130067DEAD /* Sources */,
				7500AFE71C9E88130067DEAD /* Frameworks */,
				7500AFE81C9E88130067DEAD /* Resources */,
			);
			buildRules = (
			);
			dependencies = (
			);
			name = "On the Map";
			productName = "On the Map";
			productReference = 7500AFEA1C9E88130067DEAD /* On the Map.app */;
			productType = "com.apple.product-type.application";
		};
/* End PBXNativeTarget section */

/* Begin PBXProject section */
		7500AFE21C9E88130067DEAD /* Project object */ = {
			isa = PBXProject;
			attributes = {
				LastSwiftUpdateCheck = 0720;
				LastUpgradeCheck = 0720;
				ORGANIZATIONNAME = "Ivan Magda";
				TargetAttributes = {
					7500AFE91C9E88130067DEAD = {
						CreatedOnToolsVersion = 7.2.1;
					};
				};
			};
			buildConfigurationList = 7500AFE51C9E88130067DEAD /* Build configuration list for PBXProject "On the Map" */;
			compatibilityVersion = "Xcode 3.2";
			developmentRegion = English;
			hasScannedForEncodings = 0;
			knownRegions = (
				en,
				Base,
			);
			mainGroup = 7500AFE11C9E88130067DEAD;
			productRefGroup = 7500AFEB1C9E88130067DEAD /* Products */;
			projectDirPath = "";
			projectRoot = "";
			targets = (
				7500AFE91C9E88130067DEAD /* On the Map */,
			);
		};
/* End PBXProject section */

/* Begin PBXResourcesBuildPhase section */
		7500AFE81C9E88130067DEAD /* Resources */ = {
			isa = PBXResourcesBuildPhase;
			buildActionMask = 2147483647;
			files = (
				7500AFFA1C9E88130067DEAD /* LaunchScreen.storyboard in Resources */,
				7500AFF71C9E88130067DEAD /* Assets.xcassets in Resources */,
				7500AFF51C9E88130067DEAD /* Main.storyboard in Resources */,
				75C84D711CA1883300B14210 /* SubmitLocationView.xib in Resources */,
			);
			runOnlyForDeploymentPostprocessing = 0;
		};
/* End PBXResourcesBuildPhase section */

/* Begin PBXSourcesBuildPhase section */
		7500AFE61C9E88130067DEAD /* Sources */ = {
			isa = PBXSourcesBuildPhase;
			buildActionMask = 2147483647;
			files = (
				7571C4D91CD1D2CD001B4F03 /* UIUtility.swift in Sources */,
				756583781CA029D40033326E /* StudentLocation.swift in Sources */,
				7500B0081C9ECC3C0067DEAD /* BorderedButton.swift in Sources */,
				7500B01A1C9EDFFE0067DEAD /* JSON.swift in Sources */,
				75C84D751CA1B97500B14210 /* UserTableViewCell.swift in Sources */,
				7500B0051C9ECBB20067DEAD /* LoginViewController.swift in Sources */,
				75E3655B1CCF0A9D00881975 /* JsonApiClient.swift in Sources */,
				756B8BCC1CA0E49E009C7355 /* UserKey.swift in Sources */,
				7500AFF21C9E88130067DEAD /* LocationsViewController.swift in Sources */,
				756583811CA030E40033326E /* NSDate+FromString.swift in Sources */,
				7500B0151C9EDFC30067DEAD /* HttpApiClient.swift in Sources */,
				756583761CA0093B0033326E /* UserAccountViewController.swift in Sources */,
				7500AFEE1C9E88130067DEAD /* AppDelegate.swift in Sources */,
				7500B01D1C9EE1720067DEAD /* JSONParselable.swift in Sources */,
				756B8BCA1CA0DF5C009C7355 /* User.swift in Sources */,
				7500B0161C9EDFC30067DEAD /* ApiClientResult.swift in Sources */,
				7500B01F1C9EF85C0067DEAD /* UdacityApiClient.swift in Sources */,
				75EAE52F1CD0FFEC003F682F /* HttpMethodName.swift in Sources */,
				7500B0221C9EF9040067DEAD /* UdacityConstants.swift in Sources */,
				7565837D1CA02CCA0033326E /* StudentLocationKey.swift in Sources */,
				7571C4D71CD1B459001B4F03 /* UdacityUserSession.swift in Sources */,
				7500B0241C9F15380067DEAD /* UdacityApiClientConvenience.swift in Sources */,
				75FCED611CA12A3F00C3DD98 /* ManageLocationViewController.swift in Sources */,
				756583831CA0337C0033326E /* ParseApiClient.swift in Sources */,
				7571C4DB1CD23D9B001B4F03 /* Constants.swift in Sources */,
				758794A21CA10FC200E8B10E /* Alertable.swift in Sources */,
				755D540C1C9FC57A0087D9F7 /* ErrorUtils.swift in Sources */,
				75C84D731CA18BC600B14210 /* SubmitLocationView.swift in Sources */,
				756B8BCE1CA0E5A9009C7355 /* User+JSONParselable.swift in Sources */,
				7500B0091C9ECC3C0067DEAD /* GCDBlackBox.swift in Sources */,
				7501224B1CD467FE002015C5 /* StudentLocationAnnotation.swift in Sources */,
				7500AFF01C9E88130067DEAD /* MapViewController.swift in Sources */,
				758794A81CA115DF00E8B10E /* GeoLocation.swift in Sources */,
				756583851CA035A10033326E /* ParseConstants.swift in Sources */,
			);
			runOnlyForDeploymentPostprocessing = 0;
		};
/* End PBXSourcesBuildPhase section */

/* Begin PBXVariantGroup section */
		7500AFF31C9E88130067DEAD /* Main.storyboard */ = {
			isa = PBXVariantGroup;
			children = (
				7500AFF41C9E88130067DEAD /* Base */,
			);
			name = Main.storyboard;
			sourceTree = "<group>";
		};
		7500AFF81C9E88130067DEAD /* LaunchScreen.storyboard */ = {
			isa = PBXVariantGroup;
			children = (
				7500AFF91C9E88130067DEAD /* Base */,
			);
			name = LaunchScreen.storyboard;
			sourceTree = "<group>";
		};
/* End PBXVariantGroup section */

/* Begin XCBuildConfiguration section */
		7500AFFC1C9E88130067DEAD /* Debug */ = {
			isa = XCBuildConfiguration;
			buildSettings = {
				ALWAYS_SEARCH_USER_PATHS = NO;
				CLANG_CXX_LANGUAGE_STANDARD = "gnu++0x";
				CLANG_CXX_LIBRARY = "libc++";
				CLANG_ENABLE_MODULES = YES;
				CLANG_ENABLE_OBJC_ARC = YES;
				CLANG_WARN_BOOL_CONVERSION = YES;
				CLANG_WARN_CONSTANT_CONVERSION = YES;
				CLANG_WARN_DIRECT_OBJC_ISA_USAGE = YES_ERROR;
				CLANG_WARN_EMPTY_BODY = YES;
				CLANG_WARN_ENUM_CONVERSION = YES;
				CLANG_WARN_INT_CONVERSION = YES;
				CLANG_WARN_OBJC_ROOT_CLASS = YES_ERROR;
				CLANG_WARN_UNREACHABLE_CODE = YES;
				CLANG_WARN__DUPLICATE_METHOD_MATCH = YES;
				"CODE_SIGN_IDENTITY[sdk=iphoneos*]" = "iPhone Developer";
				COPY_PHASE_STRIP = NO;
				DEBUG_INFORMATION_FORMAT = dwarf;
				ENABLE_STRICT_OBJC_MSGSEND = YES;
				ENABLE_TESTABILITY = YES;
				GCC_C_LANGUAGE_STANDARD = gnu99;
				GCC_DYNAMIC_NO_PIC = NO;
				GCC_NO_COMMON_BLOCKS = YES;
				GCC_OPTIMIZATION_LEVEL = 0;
				GCC_PREPROCESSOR_DEFINITIONS = (
					"DEBUG=1",
					"$(inherited)",
				);
				GCC_WARN_64_TO_32_BIT_CONVERSION = YES;
				GCC_WARN_ABOUT_RETURN_TYPE = YES_ERROR;
				GCC_WARN_UNDECLARED_SELECTOR = YES;
				GCC_WARN_UNINITIALIZED_AUTOS = YES_AGGRESSIVE;
				GCC_WARN_UNUSED_FUNCTION = YES;
				GCC_WARN_UNUSED_VARIABLE = YES;
				IPHONEOS_DEPLOYMENT_TARGET = 9.2;
				MTL_ENABLE_DEBUG_INFO = YES;
				ONLY_ACTIVE_ARCH = YES;
				SDKROOT = iphoneos;
				SWIFT_OPTIMIZATION_LEVEL = "-Onone";
			};
			name = Debug;
		};
		7500AFFD1C9E88130067DEAD /* Release */ = {
			isa = XCBuildConfiguration;
			buildSettings = {
				ALWAYS_SEARCH_USER_PATHS = NO;
				CLANG_CXX_LANGUAGE_STANDARD = "gnu++0x";
				CLANG_CXX_LIBRARY = "libc++";
				CLANG_ENABLE_MODULES = YES;
				CLANG_ENABLE_OBJC_ARC = YES;
				CLANG_WARN_BOOL_CONVERSION = YES;
				CLANG_WARN_CONSTANT_CONVERSION = YES;
				CLANG_WARN_DIRECT_OBJC_ISA_USAGE = YES_ERROR;
				CLANG_WARN_EMPTY_BODY = YES;
				CLANG_WARN_ENUM_CONVERSION = YES;
				CLANG_WARN_INT_CONVERSION = YES;
				CLANG_WARN_OBJC_ROOT_CLASS = YES_ERROR;
				CLANG_WARN_UNREACHABLE_CODE = YES;
				CLANG_WARN__DUPLICATE_METHOD_MATCH = YES;
				"CODE_SIGN_IDENTITY[sdk=iphoneos*]" = "iPhone Developer";
				COPY_PHASE_STRIP = NO;
				DEBUG_INFORMATION_FORMAT = "dwarf-with-dsym";
				ENABLE_NS_ASSERTIONS = NO;
				ENABLE_STRICT_OBJC_MSGSEND = YES;
				GCC_C_LANGUAGE_STANDARD = gnu99;
				GCC_NO_COMMON_BLOCKS = YES;
				GCC_WARN_64_TO_32_BIT_CONVERSION = YES;
				GCC_WARN_ABOUT_RETURN_TYPE = YES_ERROR;
				GCC_WARN_UNDECLARED_SELECTOR = YES;
				GCC_WARN_UNINITIALIZED_AUTOS = YES_AGGRESSIVE;
				GCC_WARN_UNUSED_FUNCTION = YES;
				GCC_WARN_UNUSED_VARIABLE = YES;
				IPHONEOS_DEPLOYMENT_TARGET = 9.2;
				MTL_ENABLE_DEBUG_INFO = NO;
				SDKROOT = iphoneos;
				VALIDATE_PRODUCT = YES;
			};
			name = Release;
		};
		7500AFFF1C9E88130067DEAD /* Debug */ = {
			isa = XCBuildConfiguration;
			buildSettings = {
				ASSETCATALOG_COMPILER_APPICON_NAME = AppIcon;
				"FRAMEWORK_SEARCH_PATHS[arch=*]" = /Users/ivanmagda/Documents/FacebookSDK;
				INFOPLIST_FILE = "On the Map/Info.plist";
				LD_RUNPATH_SEARCH_PATHS = "$(inherited) @executable_path/Frameworks";
				PRODUCT_BUNDLE_IDENTIFIER = "com.ivanmagda.On-the-Map";
				PRODUCT_NAME = "$(TARGET_NAME)";
			};
			name = Debug;
		};
		7500B0001C9E88130067DEAD /* Release */ = {
			isa = XCBuildConfiguration;
			buildSettings = {
				ASSETCATALOG_COMPILER_APPICON_NAME = AppIcon;
				"FRAMEWORK_SEARCH_PATHS[arch=*]" = /Users/ivanmagda/Documents/FacebookSDK;
				INFOPLIST_FILE = "On the Map/Info.plist";
				LD_RUNPATH_SEARCH_PATHS = "$(inherited) @executable_path/Frameworks";
				PRODUCT_BUNDLE_IDENTIFIER = "com.ivanmagda.On-the-Map";
				PRODUCT_NAME = "$(TARGET_NAME)";
			};
			name = Release;
		};
/* End XCBuildConfiguration section */

/* Begin XCConfigurationList section */
		7500AFE51C9E88130067DEAD /* Build configuration list for PBXProject "On the Map" */ = {
			isa = XCConfigurationList;
			buildConfigurations = (
				7500AFFC1C9E88130067DEAD /* Debug */,
				7500AFFD1C9E88130067DEAD /* Release */,
			);
			defaultConfigurationIsVisible = 0;
			defaultConfigurationName = Release;
		};
		7500AFFE1C9E88130067DEAD /* Build configuration list for PBXNativeTarget "On the Map" */ = {
			isa = XCConfigurationList;
			buildConfigurations = (
				7500AFFF1C9E88130067DEAD /* Debug */,
				7500B0001C9E88130067DEAD /* Release */,
			);
			defaultConfigurationIsVisible = 0;
			defaultConfigurationName = Release;
		};
/* End XCConfigurationList section */
	};
	rootObject = 7500AFE21C9E88130067DEAD /* Project object */;
}
